// !$*UTF8*$!
{
	archiveVersion = 1;
	classes = {
	};
	objectVersion = 50;
	objects = {

/* Begin PBXBuildFile section */
		B100E19C209E47F8004F7AB8 /* TrackingFocus.swift in Sources */ = {isa = PBXBuildFile; fileRef = B100E196209E47F8004F7AB8 /* TrackingFocus.swift */; };
		B100E19F20A04CEF004F7AB8 /* Exposure.swift in Sources */ = {isa = PBXBuildFile; fileRef = B100E19E20A04CEF004F7AB8 /* Exposure.swift */; };
		B100E1A220A04EE0004F7AB8 /* Focus.swift in Sources */ = {isa = PBXBuildFile; fileRef = B100E1A120A04EE0004F7AB8 /* Focus.swift */; };
		B100E1A520A09986004F7AB8 /* ProgramShift.swift in Sources */ = {isa = PBXBuildFile; fileRef = B100E1A420A09986004F7AB8 /* ProgramShift.swift */; };
		B100E1AB20A0A42D004F7AB8 /* PostViewImage.swift in Sources */ = {isa = PBXBuildFile; fileRef = B100E1AA20A0A42D004F7AB8 /* PostViewImage.swift */; };
		B100E1B120A0D282004F7AB8 /* SteadyMode.swift in Sources */ = {isa = PBXBuildFile; fileRef = B100E1B020A0D282004F7AB8 /* SteadyMode.swift */; };
		B100E1B420A0D59E004F7AB8 /* ViewAngle.swift in Sources */ = {isa = PBXBuildFile; fileRef = B100E1B320A0D59E004F7AB8 /* ViewAngle.swift */; };
		B100E1B720A0D7C7004F7AB8 /* Scene.swift in Sources */ = {isa = PBXBuildFile; fileRef = B100E1B620A0D7C7004F7AB8 /* Scene.swift */; };
		B100E1BA20A0DA92004F7AB8 /* ColorSetting.swift in Sources */ = {isa = PBXBuildFile; fileRef = B100E1B920A0DA92004F7AB8 /* ColorSetting.swift */; };
		B100E1BD20A0DE7D004F7AB8 /* IntervalTime.swift in Sources */ = {isa = PBXBuildFile; fileRef = B100E1BC20A0DE7D004F7AB8 /* IntervalTime.swift */; };
		B100E1C020A0E8F1004F7AB8 /* WindNoiseReduction.swift in Sources */ = {isa = PBXBuildFile; fileRef = B100E1BF20A0E8F1004F7AB8 /* WindNoiseReduction.swift */; };
		B100E1C320A0F90A004F7AB8 /* FlipSetting.swift in Sources */ = {isa = PBXBuildFile; fileRef = B100E1C220A0F90A004F7AB8 /* FlipSetting.swift */; };
		B100E1C620A105D9004F7AB8 /* TVColorSystem.swift in Sources */ = {isa = PBXBuildFile; fileRef = B100E1C520A105D9004F7AB8 /* TVColorSystem.swift */; };
		B100E1DE20A1A60A004F7AB8 /* RemotePlayback.swift in Sources */ = {isa = PBXBuildFile; fileRef = B100E1D820A1A60A004F7AB8 /* RemotePlayback.swift */; };
		B10B38F021E0F6C300FED24F /* Function.swift in Sources */ = {isa = PBXBuildFile; fileRef = B10B38EF21E0F6C300FED24F /* Function.swift */; };
		B10B38F121E0F6C300FED24F /* Function.swift in Sources */ = {isa = PBXBuildFile; fileRef = B10B38EF21E0F6C300FED24F /* Function.swift */; };
		B115EF2421E9F26600667FB7 /* Errors.swift in Sources */ = {isa = PBXBuildFile; fileRef = B1A25F3121AE950E00D9EE81 /* Errors.swift */; };
		B115EF2A21E9F27900667FB7 /* ShutterSpeedFormatter.swift in Sources */ = {isa = PBXBuildFile; fileRef = B1A25F2021ADE6CE00D9EE81 /* ShutterSpeedFormatter.swift */; };
		B115EF2F21E9FC3A00667FB7 /* SonyXMLParsers.swift in Sources */ = {isa = PBXBuildFile; fileRef = B115EF2E21E9FC3900667FB7 /* SonyXMLParsers.swift */; };
		B115EF3021E9FC3A00667FB7 /* SonyXMLParsers.swift in Sources */ = {isa = PBXBuildFile; fileRef = B115EF2E21E9FC3900667FB7 /* SonyXMLParsers.swift */; };
		B115EF3721E9FDA100667FB7 /* SonyDeviceInfo.swift in Sources */ = {isa = PBXBuildFile; fileRef = B115EF3621E9FDA100667FB7 /* SonyDeviceInfo.swift */; };
		B115EF3821E9FDA100667FB7 /* SonyDeviceInfo.swift in Sources */ = {isa = PBXBuildFile; fileRef = B115EF3621E9FDA100667FB7 /* SonyDeviceInfo.swift */; };
		B115EFB721ECF88100667FB7 /* UPnPParsers.swift in Sources */ = {isa = PBXBuildFile; fileRef = B115EFB621ECF88100667FB7 /* UPnPParsers.swift */; };
		B115EFB821ECF88100667FB7 /* UPnPParsers.swift in Sources */ = {isa = PBXBuildFile; fileRef = B115EFB621ECF88100667FB7 /* UPnPParsers.swift */; };
		B115EFC521ECFB4700667FB7 /* CdsDesc.xml in Resources */ = {isa = PBXBuildFile; fileRef = B115EFC321ECFB4700667FB7 /* CdsDesc.xml */; };
		B115EFC621ECFB4700667FB7 /* CmsDesc.xml in Resources */ = {isa = PBXBuildFile; fileRef = B115EFC421ECFB4700667FB7 /* CmsDesc.xml */; };
		B115EFD321ECFB6B00667FB7 /* ParserTests.swift in Sources */ = {isa = PBXBuildFile; fileRef = B115EFD221ECFB6B00667FB7 /* ParserTests.swift */; };
		B115EFD421ECFBC300667FB7 /* UPnPParsers.swift in Sources */ = {isa = PBXBuildFile; fileRef = B115EFB621ECF88100667FB7 /* UPnPParsers.swift */; };
		B11786F92187753F0006B72E /* SonyCamera+Model.swift in Sources */ = {isa = PBXBuildFile; fileRef = B11786F82187753F0006B72E /* SonyCamera+Model.swift */; };
		B11786FA2187753F0006B72E /* SonyCamera+Model.swift in Sources */ = {isa = PBXBuildFile; fileRef = B11786F82187753F0006B72E /* SonyCamera+Model.swift */; };
		B1178701218775980006B72E /* FunctionNames.swift in Sources */ = {isa = PBXBuildFile; fileRef = B1178700218775980006B72E /* FunctionNames.swift */; };
		B1178702218775980006B72E /* FunctionNames.swift in Sources */ = {isa = PBXBuildFile; fileRef = B1178700218775980006B72E /* FunctionNames.swift */; };
		B11D8E7321B9300F00719019 /* SimulatedCamera.swift in Sources */ = {isa = PBXBuildFile; fileRef = B11D8E6D21B9300F00719019 /* SimulatedCamera.swift */; };
		B11D8E7421B9300F00719019 /* SimulatedCamera.swift in Sources */ = {isa = PBXBuildFile; fileRef = B11D8E6D21B9300F00719019 /* SimulatedCamera.swift */; };
		B1316A572089C08F006BD136 /* Rocc.framework in Frameworks */ = {isa = PBXBuildFile; fileRef = B1316A4D2089C08F006BD136 /* Rocc.framework */; };
		B1316A5C2089C08F006BD136 /* RoccTests.swift in Sources */ = {isa = PBXBuildFile; fileRef = B1316A5B2089C08F006BD136 /* RoccTests.swift */; };
		B1316A5E2089C08F006BD136 /* Rocc.h in Headers */ = {isa = PBXBuildFile; fileRef = B1316A502089C08F006BD136 /* Rocc.h */; settings = {ATTRIBUTES = (Public, ); }; };
		B1316A722089C0F6006BD136 /* DeviceDiscovery.swift in Sources */ = {isa = PBXBuildFile; fileRef = B1316A712089C0F6006BD136 /* DeviceDiscovery.swift */; };
		B1316A742089C1D6006BD136 /* UDPClient.swift in Sources */ = {isa = PBXBuildFile; fileRef = B1316A732089C1D6006BD136 /* UDPClient.swift */; };
		B1316A7B2089C426006BD136 /* SonyConstants.swift in Sources */ = {isa = PBXBuildFile; fileRef = B1316A7A2089C426006BD136 /* SonyConstants.swift */; };
		B154525C21EE61B800C59096 /* SOAPRequestBody.swift in Sources */ = {isa = PBXBuildFile; fileRef = B154525B21EE61B800C59096 /* SOAPRequestBody.swift */; };
		B154525D21EE61B800C59096 /* SOAPRequestBody.swift in Sources */ = {isa = PBXBuildFile; fileRef = B154525B21EE61B800C59096 /* SOAPRequestBody.swift */; };
		B154526421EE63DB00C59096 /* SOAPRequestBody.swift in Sources */ = {isa = PBXBuildFile; fileRef = B154525B21EE61B800C59096 /* SOAPRequestBody.swift */; };
		B154535521EFDC1700C59096 /* Countable.swift in Sources */ = {isa = PBXBuildFile; fileRef = B154535421EFDC1700C59096 /* Countable.swift */; };
		B154535621EFDC1700C59096 /* Countable.swift in Sources */ = {isa = PBXBuildFile; fileRef = B154535421EFDC1700C59096 /* Countable.swift */; };
		B154535E21EFE3D100C59096 /* ChildRangeTests.swift in Sources */ = {isa = PBXBuildFile; fileRef = B154535D21EFE3D100C59096 /* ChildRangeTests.swift */; };
		B154535F21EFE3DC00C59096 /* Countable.swift in Sources */ = {isa = PBXBuildFile; fileRef = B154535421EFDC1700C59096 /* Countable.swift */; };
		B1561ED120976B850013D122 /* ShootMode.swift in Sources */ = {isa = PBXBuildFile; fileRef = B1561ECB20976B850013D122 /* ShootMode.swift */; };
		B1561ED420976F7B0013D122 /* Capture.swift in Sources */ = {isa = PBXBuildFile; fileRef = B1561ED320976F7A0013D122 /* Capture.swift */; };
		B16064A821E3A00A00AE3483 /* SonyTransferDevice.swift in Sources */ = {isa = PBXBuildFile; fileRef = B16064A221E3A00900AE3483 /* SonyTransferDevice.swift */; };
		B16064A921E3A00A00AE3483 /* SonyTransferDevice.swift in Sources */ = {isa = PBXBuildFile; fileRef = B16064A221E3A00900AE3483 /* SonyTransferDevice.swift */; };
		B163AEBF20A8D6050061D1C4 /* CameraEventNotifier.swift in Sources */ = {isa = PBXBuildFile; fileRef = B163AEBE20A8D6050061D1C4 /* CameraEventNotifier.swift */; };
		B163AEC020A8D6050061D1C4 /* CameraEventNotifier.swift in Sources */ = {isa = PBXBuildFile; fileRef = B163AEBE20A8D6050061D1C4 /* CameraEventNotifier.swift */; };
		B164F02621811BD400590A05 /* SonyCameraDiscoverer.swift in Sources */ = {isa = PBXBuildFile; fileRef = B164F02521811BD400590A05 /* SonyCameraDiscoverer.swift */; };
		B164F02721811BD400590A05 /* SonyCameraDiscoverer.swift in Sources */ = {isa = PBXBuildFile; fileRef = B164F02521811BD400590A05 /* SonyCameraDiscoverer.swift */; };
		B164F02921811C1200590A05 /* String+Regex.swift in Sources */ = {isa = PBXBuildFile; fileRef = B164F02821811C1200590A05 /* String+Regex.swift */; };
		B164F02A21811C1200590A05 /* String+Regex.swift in Sources */ = {isa = PBXBuildFile; fileRef = B164F02821811C1200590A05 /* String+Regex.swift */; };
		B16BFBC820A49F92006BD081 /* Storage.swift in Sources */ = {isa = PBXBuildFile; fileRef = B16BFBC220A49F91006BD081 /* Storage.swift */; };
		B16BFD1121F5F0E600AF3F24 /* SimplePing.m in Sources */ = {isa = PBXBuildFile; fileRef = B16BFD0F21F5F0E600AF3F24 /* SimplePing.m */; };
		B16BFD1221F5F0E600AF3F24 /* SimplePing.m in Sources */ = {isa = PBXBuildFile; fileRef = B16BFD0F21F5F0E600AF3F24 /* SimplePing.m */; };
		B16BFD1321F5F0E600AF3F24 /* SimplePing.h in Headers */ = {isa = PBXBuildFile; fileRef = B16BFD1021F5F0E600AF3F24 /* SimplePing.h */; settings = {ATTRIBUTES = (Public, ); }; };
		B16BFD1421F5F0E600AF3F24 /* SimplePing.h in Headers */ = {isa = PBXBuildFile; fileRef = B16BFD1021F5F0E600AF3F24 /* SimplePing.h */; settings = {ATTRIBUTES = (Public, ); }; };
		B16BFD1621F5F0F100AF3F24 /* Pinger.swift in Sources */ = {isa = PBXBuildFile; fileRef = B16BFD1521F5F0F100AF3F24 /* Pinger.swift */; };
		B16BFD1721F5F0F100AF3F24 /* Pinger.swift in Sources */ = {isa = PBXBuildFile; fileRef = B16BFD1521F5F0F100AF3F24 /* Pinger.swift */; };
		B1751E7920A316C2001D05F1 /* SystemClient.swift in Sources */ = {isa = PBXBuildFile; fileRef = B1751E7320A316C2001D05F1 /* SystemClient.swift */; };
		B1751E7A20A316C2001D05F1 /* SystemClient.swift in Sources */ = {isa = PBXBuildFile; fileRef = B1751E7320A316C2001D05F1 /* SystemClient.swift */; };
		B1990A8020C3FA1D0090A2F6 /* DeviceConnectivityNotifier.swift in Sources */ = {isa = PBXBuildFile; fileRef = B1990A7F20C3FA1D0090A2F6 /* DeviceConnectivityNotifier.swift */; };
		B1990A8120C3FA1D0090A2F6 /* DeviceConnectivityNotifier.swift in Sources */ = {isa = PBXBuildFile; fileRef = B1990A7F20C3FA1D0090A2F6 /* DeviceConnectivityNotifier.swift */; };
		B1990A8320C3FDAA0090A2F6 /* Reachability.swift in Sources */ = {isa = PBXBuildFile; fileRef = B1990A8220C3FDAA0090A2F6 /* Reachability.swift */; };
		B1990A8420C3FDAA0090A2F6 /* Reachability.swift in Sources */ = {isa = PBXBuildFile; fileRef = B1990A8220C3FDAA0090A2F6 /* Reachability.swift */; };
		B1990A8620C408C20090A2F6 /* Ping.swift in Sources */ = {isa = PBXBuildFile; fileRef = B1990A8520C408C20090A2F6 /* Ping.swift */; };
		B1990A8720C408C20090A2F6 /* Ping.swift in Sources */ = {isa = PBXBuildFile; fileRef = B1990A8520C408C20090A2F6 /* Ping.swift */; };
		B1A1AA1A20A4E01D00FD0A4A /* Event.swift in Sources */ = {isa = PBXBuildFile; fileRef = B1A1AA1420A4E01D00FD0A4A /* Event.swift */; };
		B1A1AA1E20A4E02200FD0A4A /* Aperture.swift in Sources */ = {isa = PBXBuildFile; fileRef = B1FB48722092743100C33C86 /* Aperture.swift */; };
		B1A1AA1F20A4E02200FD0A4A /* AutoPowerOff.swift in Sources */ = {isa = PBXBuildFile; fileRef = B1EF4C8A20A24DA100EEDE3E /* AutoPowerOff.swift */; };
		B1A1AA2020A4E02200FD0A4A /* BeepMode.swift in Sources */ = {isa = PBXBuildFile; fileRef = B1EF4CAC20A3140A00EEDE3E /* BeepMode.swift */; };
		B1A1AA2120A4E02200FD0A4A /* Capture.swift in Sources */ = {isa = PBXBuildFile; fileRef = B1561ED320976F7A0013D122 /* Capture.swift */; };
		B1A1AA2220A4E02200FD0A4A /* ColorSetting.swift in Sources */ = {isa = PBXBuildFile; fileRef = B100E1B920A0DA92004F7AB8 /* ColorSetting.swift */; };
		B1A1AA2320A4E02200FD0A4A /* CurrentTime.swift in Sources */ = {isa = PBXBuildFile; fileRef = B1EF4CAF20A3161700EEDE3E /* CurrentTime.swift */; };
		B1A1AA2420A4E02200FD0A4A /* Event.swift in Sources */ = {isa = PBXBuildFile; fileRef = B1A1AA1420A4E01D00FD0A4A /* Event.swift */; };
		B1A1AA2520A4E02200FD0A4A /* Exposure.swift in Sources */ = {isa = PBXBuildFile; fileRef = B100E19E20A04CEF004F7AB8 /* Exposure.swift */; };
		B1A1AA2620A4E02200FD0A4A /* FileSystem.swift in Sources */ = {isa = PBXBuildFile; fileRef = B1B4342920939EF500A81B9D /* FileSystem.swift */; };
		B1A1AA2720A4E02200FD0A4A /* FlipSetting.swift in Sources */ = {isa = PBXBuildFile; fileRef = B100E1C220A0F90A004F7AB8 /* FlipSetting.swift */; };
		B1A1AA2820A4E02200FD0A4A /* Focus.swift in Sources */ = {isa = PBXBuildFile; fileRef = B100E1A120A04EE0004F7AB8 /* Focus.swift */; };
		B1A1AA2920A4E02200FD0A4A /* InfraredRemoteControl.swift in Sources */ = {isa = PBXBuildFile; fileRef = B1EF4C8220A24B6300EEDE3E /* InfraredRemoteControl.swift */; };
		B1A1AA2A20A4E02200FD0A4A /* IntervalTime.swift in Sources */ = {isa = PBXBuildFile; fileRef = B100E1BC20A0DE7D004F7AB8 /* IntervalTime.swift */; };
		B1A1AA2B20A4E02200FD0A4A /* ISO.swift in Sources */ = {isa = PBXBuildFile; fileRef = B1B43459209747C200A81B9D /* ISO.swift */; };
		B1A1AA2C20A4E02200FD0A4A /* LiveView.swift in Sources */ = {isa = PBXBuildFile; fileRef = B1CE24A72098FD1E0049EC87 /* LiveView.swift */; };
		B1A1AA2E20A4E02200FD0A4A /* PostViewImage.swift in Sources */ = {isa = PBXBuildFile; fileRef = B100E1AA20A0A42D004F7AB8 /* PostViewImage.swift */; };
		B1A1AA2F20A4E02200FD0A4A /* ProgramShift.swift in Sources */ = {isa = PBXBuildFile; fileRef = B100E1A420A09986004F7AB8 /* ProgramShift.swift */; };
		B1A1AA3020A4E02200FD0A4A /* RemotePlayback.swift in Sources */ = {isa = PBXBuildFile; fileRef = B100E1D820A1A60A004F7AB8 /* RemotePlayback.swift */; };
		B1A1AA3120A4E02200FD0A4A /* Scene.swift in Sources */ = {isa = PBXBuildFile; fileRef = B100E1B620A0D7C7004F7AB8 /* Scene.swift */; };
		B1A1AA3220A4E02200FD0A4A /* ShootMode.swift in Sources */ = {isa = PBXBuildFile; fileRef = B1561ECB20976B850013D122 /* ShootMode.swift */; };
		B1A1AA3420A4E02200FD0A4A /* Shutter.swift in Sources */ = {isa = PBXBuildFile; fileRef = B1CE24B32099AA7D0049EC87 /* Shutter.swift */; };
		B1A1AA3520A4E02200FD0A4A /* SteadyMode.swift in Sources */ = {isa = PBXBuildFile; fileRef = B100E1B020A0D282004F7AB8 /* SteadyMode.swift */; };
		B1A1AA3620A4E02200FD0A4A /* Storage.swift in Sources */ = {isa = PBXBuildFile; fileRef = B16BFBC220A49F91006BD081 /* Storage.swift */; };
		B1A1AA3820A4E02200FD0A4A /* TouchAF.swift in Sources */ = {isa = PBXBuildFile; fileRef = B1CE444F2099B492001DB2B6 /* TouchAF.swift */; };
		B1A1AA3920A4E02200FD0A4A /* TrackingFocus.swift in Sources */ = {isa = PBXBuildFile; fileRef = B100E196209E47F8004F7AB8 /* TrackingFocus.swift */; };
		B1A1AA3A20A4E02200FD0A4A /* TVColorSystem.swift in Sources */ = {isa = PBXBuildFile; fileRef = B100E1C520A105D9004F7AB8 /* TVColorSystem.swift */; };
		B1A1AA3B20A4E02200FD0A4A /* ViewAngle.swift in Sources */ = {isa = PBXBuildFile; fileRef = B100E1B320A0D59E004F7AB8 /* ViewAngle.swift */; };
		B1A1AA3C20A4E02200FD0A4A /* WhiteBalance.swift in Sources */ = {isa = PBXBuildFile; fileRef = B1B4345C2097483300A81B9D /* WhiteBalance.swift */; };
		B1A1AA3D20A4E02200FD0A4A /* WindNoiseReduction.swift in Sources */ = {isa = PBXBuildFile; fileRef = B100E1BF20A0E8F1004F7AB8 /* WindNoiseReduction.swift */; };
		B1A1AA3E20A4E02200FD0A4A /* Zoom.swift in Sources */ = {isa = PBXBuildFile; fileRef = B1CE24B12099184B0049EC87 /* Zoom.swift */; };
		B1A1B67F21F8BC78008B5181 /* Logger.swift in Sources */ = {isa = PBXBuildFile; fileRef = B1A1B67E21F8BC78008B5181 /* Logger.swift */; };
		B1A1B68021F8BC78008B5181 /* Logger.swift in Sources */ = {isa = PBXBuildFile; fileRef = B1A1B67E21F8BC78008B5181 /* Logger.swift */; };
		B1A25F2121ADE6CE00D9EE81 /* ShutterSpeedFormatter.swift in Sources */ = {isa = PBXBuildFile; fileRef = B1A25F2021ADE6CE00D9EE81 /* ShutterSpeedFormatter.swift */; };
		B1A25F2221ADE6CE00D9EE81 /* ShutterSpeedFormatter.swift in Sources */ = {isa = PBXBuildFile; fileRef = B1A25F2021ADE6CE00D9EE81 /* ShutterSpeedFormatter.swift */; };
		B1A25F2921ADEAAC00D9EE81 /* ShutterSpeedFormatterTests.swift in Sources */ = {isa = PBXBuildFile; fileRef = B1A25F2821ADEAAC00D9EE81 /* ShutterSpeedFormatterTests.swift */; };
		B1A25F3221AE950E00D9EE81 /* Errors.swift in Sources */ = {isa = PBXBuildFile; fileRef = B1A25F3121AE950E00D9EE81 /* Errors.swift */; };
		B1A3EC1E21F11AA500670712 /* FileSystem.swift in Sources */ = {isa = PBXBuildFile; fileRef = B1B4342920939EF500A81B9D /* FileSystem.swift */; };
		B1A3EC2521F11AB700670712 /* CameraFunctions.swift in Sources */ = {isa = PBXBuildFile; fileRef = B1B4344F209746B000A81B9D /* CameraFunctions.swift */; };
		B1AF502A208A51D00029336B /* NetworkInterface.swift in Sources */ = {isa = PBXBuildFile; fileRef = B1AF5029208A51D00029336B /* NetworkInterface.swift */; };
		B1AF504B208D345A0029336B /* ThunderRequest.framework in Frameworks */ = {isa = PBXBuildFile; fileRef = B1AF5041208D34510029336B /* ThunderRequest.framework */; };
		B1AF5091208DC3A80029336B /* RoccMac.framework in Frameworks */ = {isa = PBXBuildFile; fileRef = B1AF5088208DC3A80029336B /* RoccMac.framework */; };
		B1AF5096208DC3A80029336B /* RoccMacTests.swift in Sources */ = {isa = PBXBuildFile; fileRef = B1AF5095208DC3A80029336B /* RoccMacTests.swift */; };
		B1AF5098208DC3A80029336B /* RoccMac.h in Headers */ = {isa = PBXBuildFile; fileRef = B1AF508A208DC3A80029336B /* RoccMac.h */; settings = {ATTRIBUTES = (Public, ); }; };
		B1AF509F208DC3AF0029336B /* SonyConstants.swift in Sources */ = {isa = PBXBuildFile; fileRef = B1316A7A2089C426006BD136 /* SonyConstants.swift */; };
		B1AF50A0208DC3B20029336B /* DeviceDiscovery.swift in Sources */ = {isa = PBXBuildFile; fileRef = B1316A712089C0F6006BD136 /* DeviceDiscovery.swift */; };
		B1AF50A1208DC3B50029336B /* UDPClient.swift in Sources */ = {isa = PBXBuildFile; fileRef = B1316A732089C1D6006BD136 /* UDPClient.swift */; };
		B1AF50A2208DC3B80029336B /* NetworkInterface.swift in Sources */ = {isa = PBXBuildFile; fileRef = B1AF5029208A51D00029336B /* NetworkInterface.swift */; };
		B1B4342A20939EF500A81B9D /* FileSystem.swift in Sources */ = {isa = PBXBuildFile; fileRef = B1B4342920939EF500A81B9D /* FileSystem.swift */; };
		B1B43450209746B000A81B9D /* CameraFunctions.swift in Sources */ = {isa = PBXBuildFile; fileRef = B1B4344F209746B000A81B9D /* CameraFunctions.swift */; };
		B1B43451209746B000A81B9D /* CameraFunctions.swift in Sources */ = {isa = PBXBuildFile; fileRef = B1B4344F209746B000A81B9D /* CameraFunctions.swift */; };
		B1B4345A209747C200A81B9D /* ISO.swift in Sources */ = {isa = PBXBuildFile; fileRef = B1B43459209747C200A81B9D /* ISO.swift */; };
		B1B4345D2097483300A81B9D /* WhiteBalance.swift in Sources */ = {isa = PBXBuildFile; fileRef = B1B4345C2097483300A81B9D /* WhiteBalance.swift */; };
		B1BAAC8F222583B8007F0F61 /* Logger.swift in Sources */ = {isa = PBXBuildFile; fileRef = B1A1B67E21F8BC78008B5181 /* Logger.swift */; };
		B1BAAC96222583B9007F0F61 /* Logger.swift in Sources */ = {isa = PBXBuildFile; fileRef = B1A1B67E21F8BC78008B5181 /* Logger.swift */; };
		B1CDCB8322234CAA00DD0F0E /* UPnPService.swift in Sources */ = {isa = PBXBuildFile; fileRef = B1CDCB8222234CAA00DD0F0E /* UPnPService.swift */; };
		B1CDCB8F2223524100DD0F0E /* ThunderRequestMac.framework in Frameworks */ = {isa = PBXBuildFile; fileRef = B1AF5045208D34510029336B /* ThunderRequestMac.framework */; };
		B1CDCB90222352BB00DD0F0E /* UPnPService.swift in Sources */ = {isa = PBXBuildFile; fileRef = B1CDCB8222234CAA00DD0F0E /* UPnPService.swift */; };
		B1CE24AD2098FD1E0049EC87 /* LiveView.swift in Sources */ = {isa = PBXBuildFile; fileRef = B1CE24A72098FD1E0049EC87 /* LiveView.swift */; };
		B1CE24B22099184B0049EC87 /* Zoom.swift in Sources */ = {isa = PBXBuildFile; fileRef = B1CE24B12099184B0049EC87 /* Zoom.swift */; };
		B1CE24B42099AA7D0049EC87 /* Shutter.swift in Sources */ = {isa = PBXBuildFile; fileRef = B1CE24B32099AA7D0049EC87 /* Shutter.swift */; };
		B1CE44552099B492001DB2B6 /* TouchAF.swift in Sources */ = {isa = PBXBuildFile; fileRef = B1CE444F2099B492001DB2B6 /* TouchAF.swift */; };
		B1D358F920AA34CF0069C698 /* LiveViewStreaming.swift in Sources */ = {isa = PBXBuildFile; fileRef = B1D358F820AA34CF0069C698 /* LiveViewStreaming.swift */; };
		B1D358FA20AA34CF0069C698 /* LiveViewStreaming.swift in Sources */ = {isa = PBXBuildFile; fileRef = B1D358F820AA34CF0069C698 /* LiveViewStreaming.swift */; };
		B1D3591120AADC810069C698 /* Data+Conversion.swift in Sources */ = {isa = PBXBuildFile; fileRef = B1D3591020AADC810069C698 /* Data+Conversion.swift */; };
		B1D3591220AADC810069C698 /* Data+Conversion.swift in Sources */ = {isa = PBXBuildFile; fileRef = B1D3591020AADC810069C698 /* Data+Conversion.swift */; };
		B1D606542181225E001719EC /* UDPDeviceDiscoverer.swift in Sources */ = {isa = PBXBuildFile; fileRef = B1D606532181225E001719EC /* UDPDeviceDiscoverer.swift */; };
		B1D606552181225E001719EC /* UDPDeviceDiscoverer.swift in Sources */ = {isa = PBXBuildFile; fileRef = B1D606532181225E001719EC /* UDPDeviceDiscoverer.swift */; };
		B1EF4C8820A24B6300EEDE3E /* InfraredRemoteControl.swift in Sources */ = {isa = PBXBuildFile; fileRef = B1EF4C8220A24B6300EEDE3E /* InfraredRemoteControl.swift */; };
		B1EF4C8B20A24DA100EEDE3E /* AutoPowerOff.swift in Sources */ = {isa = PBXBuildFile; fileRef = B1EF4C8A20A24DA100EEDE3E /* AutoPowerOff.swift */; };
		B1EF4CAD20A3140A00EEDE3E /* BeepMode.swift in Sources */ = {isa = PBXBuildFile; fileRef = B1EF4CAC20A3140A00EEDE3E /* BeepMode.swift */; };
		B1EF4CB020A3161700EEDE3E /* CurrentTime.swift in Sources */ = {isa = PBXBuildFile; fileRef = B1EF4CAF20A3161700EEDE3E /* CurrentTime.swift */; };
		B1FB47FC209088FD00C33C86 /* SonyCameraAPIClient.swift in Sources */ = {isa = PBXBuildFile; fileRef = B1FB47FB209088FD00C33C86 /* SonyCameraAPIClient.swift */; };
		B1FB47FD209088FD00C33C86 /* SonyCameraAPIClient.swift in Sources */ = {isa = PBXBuildFile; fileRef = B1FB47FB209088FD00C33C86 /* SonyCameraAPIClient.swift */; };
		B1FB47FF209089CA00C33C86 /* CameraClient.swift in Sources */ = {isa = PBXBuildFile; fileRef = B1FB47FE209089CA00C33C86 /* CameraClient.swift */; };
		B1FB4800209089CA00C33C86 /* CameraClient.swift in Sources */ = {isa = PBXBuildFile; fileRef = B1FB47FE209089CA00C33C86 /* CameraClient.swift */; };
		B1FB4802209089D800C33C86 /* AVContentClient.swift in Sources */ = {isa = PBXBuildFile; fileRef = B1FB4801209089D800C33C86 /* AVContentClient.swift */; };
		B1FB4803209089D800C33C86 /* AVContentClient.swift in Sources */ = {isa = PBXBuildFile; fileRef = B1FB4801209089D800C33C86 /* AVContentClient.swift */; };
		B1FB48092090964100C33C86 /* BaseServiceClient.swift in Sources */ = {isa = PBXBuildFile; fileRef = B1FB48082090964100C33C86 /* BaseServiceClient.swift */; };
		B1FB480A2090964100C33C86 /* BaseServiceClient.swift in Sources */ = {isa = PBXBuildFile; fileRef = B1FB48082090964100C33C86 /* BaseServiceClient.swift */; };
		B1FB4811209096FB00C33C86 /* Result.swift in Sources */ = {isa = PBXBuildFile; fileRef = B1FB4810209096FB00C33C86 /* Result.swift */; };
		B1FB4812209096FB00C33C86 /* Result.swift in Sources */ = {isa = PBXBuildFile; fileRef = B1FB4810209096FB00C33C86 /* Result.swift */; };
		B1FB486C2092579E00C33C86 /* Camera.swift in Sources */ = {isa = PBXBuildFile; fileRef = B1FB486B2092579E00C33C86 /* Camera.swift */; };
		B1FB486D2092579E00C33C86 /* Camera.swift in Sources */ = {isa = PBXBuildFile; fileRef = B1FB486B2092579E00C33C86 /* Camera.swift */; };
		B1FB486F2092585400C33C86 /* SonyCamera.swift in Sources */ = {isa = PBXBuildFile; fileRef = B1FB486E2092585400C33C86 /* SonyCamera.swift */; };
		B1FB48702092585400C33C86 /* SonyCamera.swift in Sources */ = {isa = PBXBuildFile; fileRef = B1FB486E2092585400C33C86 /* SonyCamera.swift */; };
		B1FB48732092743100C33C86 /* Aperture.swift in Sources */ = {isa = PBXBuildFile; fileRef = B1FB48722092743100C33C86 /* Aperture.swift */; };
/* End PBXBuildFile section */

/* Begin PBXContainerItemProxy section */
		B115EFBF21ECF88200667FB7 /* PBXContainerItemProxy */ = {
			isa = PBXContainerItemProxy;
			containerPortal = B1AF5038208D34510029336B /* ThunderRequest.xcodeproj */;
			proxyType = 2;
			remoteGlobalIDString = B120EE3D207B895800A4A7CA;
			remoteInfo = ThunderRequestWatch;
		};
		B1316A582089C08F006BD136 /* PBXContainerItemProxy */ = {
			isa = PBXContainerItemProxy;
			containerPortal = B1316A442089C08E006BD136 /* Project object */;
			proxyType = 1;
			remoteGlobalIDString = B1316A4C2089C08F006BD136;
			remoteInfo = CCKit;
		};
		B1AF5040208D34510029336B /* PBXContainerItemProxy */ = {
			isa = PBXContainerItemProxy;
			containerPortal = B1AF5038208D34510029336B /* ThunderRequest.xcodeproj */;
			proxyType = 2;
			remoteGlobalIDString = C2E5088219C835A300350F00;
			remoteInfo = ThunderRequest;
		};
		B1AF5042208D34510029336B /* PBXContainerItemProxy */ = {
			isa = PBXContainerItemProxy;
			containerPortal = B1AF5038208D34510029336B /* ThunderRequest.xcodeproj */;
			proxyType = 2;
			remoteGlobalIDString = C2E5088D19C835A300350F00;
			remoteInfo = ThunderRequestTests;
		};
		B1AF5044208D34510029336B /* PBXContainerItemProxy */ = {
			isa = PBXContainerItemProxy;
			containerPortal = B1AF5038208D34510029336B /* ThunderRequest.xcodeproj */;
			proxyType = 2;
			remoteGlobalIDString = B1177ED81BBAF18E00372D4D;
			remoteInfo = ThunderRequestMac;
		};
		B1AF5046208D34510029336B /* PBXContainerItemProxy */ = {
			isa = PBXContainerItemProxy;
			containerPortal = B1AF5038208D34510029336B /* ThunderRequest.xcodeproj */;
			proxyType = 2;
			remoteGlobalIDString = B1177EE21BBAF18E00372D4D;
			remoteInfo = ThunderRequestMacTests;
		};
		B1AF5048208D34510029336B /* PBXContainerItemProxy */ = {
			isa = PBXContainerItemProxy;
			containerPortal = B1AF5038208D34510029336B /* ThunderRequest.xcodeproj */;
			proxyType = 2;
			remoteGlobalIDString = 49084FD11BD13DBD0012F636;
			remoteInfo = ThunderRequestTV;
		};
		B1AF5092208DC3A80029336B /* PBXContainerItemProxy */ = {
			isa = PBXContainerItemProxy;
			containerPortal = B1316A442089C08E006BD136 /* Project object */;
			proxyType = 1;
			remoteGlobalIDString = B1AF5087208DC3A80029336B;
			remoteInfo = CCKitMac;
		};
/* End PBXContainerItemProxy section */

/* Begin PBXFileReference section */
		B100E196209E47F8004F7AB8 /* TrackingFocus.swift */ = {isa = PBXFileReference; fileEncoding = 4; lastKnownFileType = sourcecode.swift; path = TrackingFocus.swift; sourceTree = "<group>"; };
		B100E19E20A04CEF004F7AB8 /* Exposure.swift */ = {isa = PBXFileReference; fileEncoding = 4; lastKnownFileType = sourcecode.swift; path = Exposure.swift; sourceTree = "<group>"; };
		B100E1A120A04EE0004F7AB8 /* Focus.swift */ = {isa = PBXFileReference; fileEncoding = 4; lastKnownFileType = sourcecode.swift; path = Focus.swift; sourceTree = "<group>"; };
		B100E1A420A09986004F7AB8 /* ProgramShift.swift */ = {isa = PBXFileReference; fileEncoding = 4; lastKnownFileType = sourcecode.swift; path = ProgramShift.swift; sourceTree = "<group>"; };
		B100E1AA20A0A42D004F7AB8 /* PostViewImage.swift */ = {isa = PBXFileReference; fileEncoding = 4; lastKnownFileType = sourcecode.swift; path = PostViewImage.swift; sourceTree = "<group>"; };
		B100E1B020A0D282004F7AB8 /* SteadyMode.swift */ = {isa = PBXFileReference; fileEncoding = 4; lastKnownFileType = sourcecode.swift; path = SteadyMode.swift; sourceTree = "<group>"; };
		B100E1B320A0D59E004F7AB8 /* ViewAngle.swift */ = {isa = PBXFileReference; fileEncoding = 4; lastKnownFileType = sourcecode.swift; path = ViewAngle.swift; sourceTree = "<group>"; };
		B100E1B620A0D7C7004F7AB8 /* Scene.swift */ = {isa = PBXFileReference; fileEncoding = 4; lastKnownFileType = sourcecode.swift; path = Scene.swift; sourceTree = "<group>"; };
		B100E1B920A0DA92004F7AB8 /* ColorSetting.swift */ = {isa = PBXFileReference; fileEncoding = 4; lastKnownFileType = sourcecode.swift; path = ColorSetting.swift; sourceTree = "<group>"; };
		B100E1BC20A0DE7D004F7AB8 /* IntervalTime.swift */ = {isa = PBXFileReference; fileEncoding = 4; lastKnownFileType = sourcecode.swift; path = IntervalTime.swift; sourceTree = "<group>"; };
		B100E1BF20A0E8F1004F7AB8 /* WindNoiseReduction.swift */ = {isa = PBXFileReference; fileEncoding = 4; lastKnownFileType = sourcecode.swift; path = WindNoiseReduction.swift; sourceTree = "<group>"; };
		B100E1C220A0F90A004F7AB8 /* FlipSetting.swift */ = {isa = PBXFileReference; fileEncoding = 4; lastKnownFileType = sourcecode.swift; path = FlipSetting.swift; sourceTree = "<group>"; };
		B100E1C520A105D9004F7AB8 /* TVColorSystem.swift */ = {isa = PBXFileReference; fileEncoding = 4; lastKnownFileType = sourcecode.swift; path = TVColorSystem.swift; sourceTree = "<group>"; };
		B100E1D820A1A60A004F7AB8 /* RemotePlayback.swift */ = {isa = PBXFileReference; fileEncoding = 4; lastKnownFileType = sourcecode.swift; path = RemotePlayback.swift; sourceTree = "<group>"; };
		B10B38EF21E0F6C300FED24F /* Function.swift */ = {isa = PBXFileReference; lastKnownFileType = sourcecode.swift; path = Function.swift; sourceTree = "<group>"; };
		B115EF2E21E9FC3900667FB7 /* SonyXMLParsers.swift */ = {isa = PBXFileReference; lastKnownFileType = sourcecode.swift; path = SonyXMLParsers.swift; sourceTree = "<group>"; };
		B115EF3621E9FDA100667FB7 /* SonyDeviceInfo.swift */ = {isa = PBXFileReference; lastKnownFileType = sourcecode.swift; path = SonyDeviceInfo.swift; sourceTree = "<group>"; };
		B115EFB621ECF88100667FB7 /* UPnPParsers.swift */ = {isa = PBXFileReference; lastKnownFileType = sourcecode.swift; path = UPnPParsers.swift; sourceTree = "<group>"; };
		B115EFC321ECFB4700667FB7 /* CdsDesc.xml */ = {isa = PBXFileReference; fileEncoding = 4; lastKnownFileType = text.xml; path = CdsDesc.xml; sourceTree = "<group>"; };
		B115EFC421ECFB4700667FB7 /* CmsDesc.xml */ = {isa = PBXFileReference; fileEncoding = 4; lastKnownFileType = text.xml; path = CmsDesc.xml; sourceTree = "<group>"; };
		B115EFD221ECFB6B00667FB7 /* ParserTests.swift */ = {isa = PBXFileReference; fileEncoding = 4; lastKnownFileType = sourcecode.swift; path = ParserTests.swift; sourceTree = "<group>"; };
		B11786F82187753F0006B72E /* SonyCamera+Model.swift */ = {isa = PBXFileReference; lastKnownFileType = sourcecode.swift; path = "SonyCamera+Model.swift"; sourceTree = "<group>"; };
		B1178700218775980006B72E /* FunctionNames.swift */ = {isa = PBXFileReference; lastKnownFileType = sourcecode.swift; path = FunctionNames.swift; sourceTree = "<group>"; };
		B11D8E6D21B9300F00719019 /* SimulatedCamera.swift */ = {isa = PBXFileReference; fileEncoding = 4; lastKnownFileType = sourcecode.swift; path = SimulatedCamera.swift; sourceTree = "<group>"; };
		B1316A4D2089C08F006BD136 /* Rocc.framework */ = {isa = PBXFileReference; explicitFileType = wrapper.framework; includeInIndex = 0; path = Rocc.framework; sourceTree = BUILT_PRODUCTS_DIR; };
		B1316A502089C08F006BD136 /* Rocc.h */ = {isa = PBXFileReference; lastKnownFileType = sourcecode.c.h; path = Rocc.h; sourceTree = "<group>"; };
		B1316A512089C08F006BD136 /* Info.plist */ = {isa = PBXFileReference; lastKnownFileType = text.plist.xml; path = Info.plist; sourceTree = "<group>"; };
		B1316A562089C08F006BD136 /* RoccTests.xctest */ = {isa = PBXFileReference; explicitFileType = wrapper.cfbundle; includeInIndex = 0; path = RoccTests.xctest; sourceTree = BUILT_PRODUCTS_DIR; };
		B1316A5B2089C08F006BD136 /* RoccTests.swift */ = {isa = PBXFileReference; lastKnownFileType = sourcecode.swift; path = RoccTests.swift; sourceTree = "<group>"; };
		B1316A5D2089C08F006BD136 /* Info.plist */ = {isa = PBXFileReference; lastKnownFileType = text.plist.xml; path = Info.plist; sourceTree = "<group>"; };
		B1316A712089C0F6006BD136 /* DeviceDiscovery.swift */ = {isa = PBXFileReference; lastKnownFileType = sourcecode.swift; path = DeviceDiscovery.swift; sourceTree = "<group>"; };
		B1316A732089C1D6006BD136 /* UDPClient.swift */ = {isa = PBXFileReference; lastKnownFileType = sourcecode.swift; path = UDPClient.swift; sourceTree = "<group>"; };
		B1316A7A2089C426006BD136 /* SonyConstants.swift */ = {isa = PBXFileReference; lastKnownFileType = sourcecode.swift; path = SonyConstants.swift; sourceTree = "<group>"; };
		B154525B21EE61B800C59096 /* SOAPRequestBody.swift */ = {isa = PBXFileReference; lastKnownFileType = sourcecode.swift; path = SOAPRequestBody.swift; sourceTree = "<group>"; };
		B154535421EFDC1700C59096 /* Countable.swift */ = {isa = PBXFileReference; lastKnownFileType = sourcecode.swift; path = Countable.swift; sourceTree = "<group>"; };
		B154535D21EFE3D100C59096 /* ChildRangeTests.swift */ = {isa = PBXFileReference; lastKnownFileType = sourcecode.swift; path = ChildRangeTests.swift; sourceTree = "<group>"; };
		B1561ECB20976B850013D122 /* ShootMode.swift */ = {isa = PBXFileReference; fileEncoding = 4; lastKnownFileType = sourcecode.swift; path = ShootMode.swift; sourceTree = "<group>"; };
		B1561ED320976F7A0013D122 /* Capture.swift */ = {isa = PBXFileReference; fileEncoding = 4; lastKnownFileType = sourcecode.swift; path = Capture.swift; sourceTree = "<group>"; };
		B16064A221E3A00900AE3483 /* SonyTransferDevice.swift */ = {isa = PBXFileReference; fileEncoding = 4; lastKnownFileType = sourcecode.swift; path = SonyTransferDevice.swift; sourceTree = "<group>"; };
		B163AEBE20A8D6050061D1C4 /* CameraEventNotifier.swift */ = {isa = PBXFileReference; lastKnownFileType = sourcecode.swift; path = CameraEventNotifier.swift; sourceTree = "<group>"; };
		B164F02521811BD400590A05 /* SonyCameraDiscoverer.swift */ = {isa = PBXFileReference; lastKnownFileType = sourcecode.swift; path = SonyCameraDiscoverer.swift; sourceTree = "<group>"; };
		B164F02821811C1200590A05 /* String+Regex.swift */ = {isa = PBXFileReference; lastKnownFileType = sourcecode.swift; path = "String+Regex.swift"; sourceTree = "<group>"; };
		B16BFBC220A49F91006BD081 /* Storage.swift */ = {isa = PBXFileReference; fileEncoding = 4; lastKnownFileType = sourcecode.swift; path = Storage.swift; sourceTree = "<group>"; };
		B16BFD0F21F5F0E600AF3F24 /* SimplePing.m */ = {isa = PBXFileReference; fileEncoding = 4; lastKnownFileType = sourcecode.c.objc; path = SimplePing.m; sourceTree = "<group>"; };
		B16BFD1021F5F0E600AF3F24 /* SimplePing.h */ = {isa = PBXFileReference; fileEncoding = 4; lastKnownFileType = sourcecode.c.h; path = SimplePing.h; sourceTree = "<group>"; };
		B16BFD1521F5F0F100AF3F24 /* Pinger.swift */ = {isa = PBXFileReference; lastKnownFileType = sourcecode.swift; path = Pinger.swift; sourceTree = "<group>"; };
		B1751E7320A316C2001D05F1 /* SystemClient.swift */ = {isa = PBXFileReference; fileEncoding = 4; lastKnownFileType = sourcecode.swift; path = SystemClient.swift; sourceTree = "<group>"; };
		B1990A7F20C3FA1D0090A2F6 /* DeviceConnectivityNotifier.swift */ = {isa = PBXFileReference; lastKnownFileType = sourcecode.swift; path = DeviceConnectivityNotifier.swift; sourceTree = "<group>"; };
		B1990A8220C3FDAA0090A2F6 /* Reachability.swift */ = {isa = PBXFileReference; lastKnownFileType = sourcecode.swift; path = Reachability.swift; sourceTree = "<group>"; };
		B1990A8520C408C20090A2F6 /* Ping.swift */ = {isa = PBXFileReference; lastKnownFileType = sourcecode.swift; path = Ping.swift; sourceTree = "<group>"; };
		B1A1AA1420A4E01D00FD0A4A /* Event.swift */ = {isa = PBXFileReference; fileEncoding = 4; lastKnownFileType = sourcecode.swift; path = Event.swift; sourceTree = "<group>"; };
		B1A1B67E21F8BC78008B5181 /* Logger.swift */ = {isa = PBXFileReference; lastKnownFileType = sourcecode.swift; path = Logger.swift; sourceTree = "<group>"; };
		B1A25F2021ADE6CE00D9EE81 /* ShutterSpeedFormatter.swift */ = {isa = PBXFileReference; lastKnownFileType = sourcecode.swift; path = ShutterSpeedFormatter.swift; sourceTree = "<group>"; };
		B1A25F2821ADEAAC00D9EE81 /* ShutterSpeedFormatterTests.swift */ = {isa = PBXFileReference; lastKnownFileType = sourcecode.swift; path = ShutterSpeedFormatterTests.swift; sourceTree = "<group>"; };
		B1A25F3121AE950E00D9EE81 /* Errors.swift */ = {isa = PBXFileReference; lastKnownFileType = sourcecode.swift; path = Errors.swift; sourceTree = "<group>"; };
		B1AF5029208A51D00029336B /* NetworkInterface.swift */ = {isa = PBXFileReference; lastKnownFileType = sourcecode.swift; path = NetworkInterface.swift; sourceTree = "<group>"; };
		B1AF5038208D34510029336B /* ThunderRequest.xcodeproj */ = {isa = PBXFileReference; lastKnownFileType = "wrapper.pb-project"; name = ThunderRequest.xcodeproj; path = ThunderRequest/ThunderRequest.xcodeproj; sourceTree = "<group>"; };
		B1AF5088208DC3A80029336B /* RoccMac.framework */ = {isa = PBXFileReference; explicitFileType = wrapper.framework; includeInIndex = 0; path = RoccMac.framework; sourceTree = BUILT_PRODUCTS_DIR; };
		B1AF508A208DC3A80029336B /* RoccMac.h */ = {isa = PBXFileReference; lastKnownFileType = sourcecode.c.h; path = RoccMac.h; sourceTree = "<group>"; };
		B1AF508B208DC3A80029336B /* Info.plist */ = {isa = PBXFileReference; lastKnownFileType = text.plist.xml; path = Info.plist; sourceTree = "<group>"; };
		B1AF5090208DC3A80029336B /* RoccMacTests.xctest */ = {isa = PBXFileReference; explicitFileType = wrapper.cfbundle; includeInIndex = 0; path = RoccMacTests.xctest; sourceTree = BUILT_PRODUCTS_DIR; };
		B1AF5095208DC3A80029336B /* RoccMacTests.swift */ = {isa = PBXFileReference; lastKnownFileType = sourcecode.swift; path = RoccMacTests.swift; sourceTree = "<group>"; };
		B1AF5097208DC3A80029336B /* Info.plist */ = {isa = PBXFileReference; lastKnownFileType = text.plist.xml; path = Info.plist; sourceTree = "<group>"; };
		B1B4342920939EF500A81B9D /* FileSystem.swift */ = {isa = PBXFileReference; lastKnownFileType = sourcecode.swift; path = FileSystem.swift; sourceTree = "<group>"; };
		B1B4344F209746B000A81B9D /* CameraFunctions.swift */ = {isa = PBXFileReference; lastKnownFileType = sourcecode.swift; path = CameraFunctions.swift; sourceTree = "<group>"; };
		B1B43459209747C200A81B9D /* ISO.swift */ = {isa = PBXFileReference; fileEncoding = 4; lastKnownFileType = sourcecode.swift; path = ISO.swift; sourceTree = "<group>"; };
		B1B4345C2097483300A81B9D /* WhiteBalance.swift */ = {isa = PBXFileReference; fileEncoding = 4; lastKnownFileType = sourcecode.swift; path = WhiteBalance.swift; sourceTree = "<group>"; };
		B1CDCB8222234CAA00DD0F0E /* UPnPService.swift */ = {isa = PBXFileReference; lastKnownFileType = sourcecode.swift; path = UPnPService.swift; sourceTree = "<group>"; };
		B1CE24A72098FD1E0049EC87 /* LiveView.swift */ = {isa = PBXFileReference; fileEncoding = 4; lastKnownFileType = sourcecode.swift; path = LiveView.swift; sourceTree = "<group>"; };
		B1CE24B12099184B0049EC87 /* Zoom.swift */ = {isa = PBXFileReference; fileEncoding = 4; lastKnownFileType = sourcecode.swift; path = Zoom.swift; sourceTree = "<group>"; };
		B1CE24B32099AA7D0049EC87 /* Shutter.swift */ = {isa = PBXFileReference; fileEncoding = 4; lastKnownFileType = sourcecode.swift; path = Shutter.swift; sourceTree = "<group>"; };
		B1CE444F2099B492001DB2B6 /* TouchAF.swift */ = {isa = PBXFileReference; fileEncoding = 4; lastKnownFileType = sourcecode.swift; path = TouchAF.swift; sourceTree = "<group>"; };
		B1D358F820AA34CF0069C698 /* LiveViewStreaming.swift */ = {isa = PBXFileReference; lastKnownFileType = sourcecode.swift; path = LiveViewStreaming.swift; sourceTree = "<group>"; };
		B1D3591020AADC810069C698 /* Data+Conversion.swift */ = {isa = PBXFileReference; lastKnownFileType = sourcecode.swift; path = "Data+Conversion.swift"; sourceTree = "<group>"; };
		B1D606532181225E001719EC /* UDPDeviceDiscoverer.swift */ = {isa = PBXFileReference; lastKnownFileType = sourcecode.swift; path = UDPDeviceDiscoverer.swift; sourceTree = "<group>"; };
		B1EF4C8220A24B6300EEDE3E /* InfraredRemoteControl.swift */ = {isa = PBXFileReference; fileEncoding = 4; lastKnownFileType = sourcecode.swift; path = InfraredRemoteControl.swift; sourceTree = "<group>"; };
		B1EF4C8A20A24DA100EEDE3E /* AutoPowerOff.swift */ = {isa = PBXFileReference; fileEncoding = 4; lastKnownFileType = sourcecode.swift; path = AutoPowerOff.swift; sourceTree = "<group>"; };
		B1EF4CAC20A3140A00EEDE3E /* BeepMode.swift */ = {isa = PBXFileReference; fileEncoding = 4; lastKnownFileType = sourcecode.swift; path = BeepMode.swift; sourceTree = "<group>"; };
		B1EF4CAF20A3161700EEDE3E /* CurrentTime.swift */ = {isa = PBXFileReference; fileEncoding = 4; lastKnownFileType = sourcecode.swift; path = CurrentTime.swift; sourceTree = "<group>"; };
		B1FB47FB209088FD00C33C86 /* SonyCameraAPIClient.swift */ = {isa = PBXFileReference; lastKnownFileType = sourcecode.swift; path = SonyCameraAPIClient.swift; sourceTree = "<group>"; };
		B1FB47FE209089CA00C33C86 /* CameraClient.swift */ = {isa = PBXFileReference; lastKnownFileType = sourcecode.swift; path = CameraClient.swift; sourceTree = "<group>"; };
		B1FB4801209089D800C33C86 /* AVContentClient.swift */ = {isa = PBXFileReference; lastKnownFileType = sourcecode.swift; path = AVContentClient.swift; sourceTree = "<group>"; };
		B1FB48082090964100C33C86 /* BaseServiceClient.swift */ = {isa = PBXFileReference; lastKnownFileType = sourcecode.swift; path = BaseServiceClient.swift; sourceTree = "<group>"; };
		B1FB4810209096FB00C33C86 /* Result.swift */ = {isa = PBXFileReference; fileEncoding = 4; lastKnownFileType = sourcecode.swift; path = Result.swift; sourceTree = "<group>"; };
		B1FB486B2092579E00C33C86 /* Camera.swift */ = {isa = PBXFileReference; lastKnownFileType = sourcecode.swift; path = Camera.swift; sourceTree = "<group>"; };
		B1FB486E2092585400C33C86 /* SonyCamera.swift */ = {isa = PBXFileReference; lastKnownFileType = sourcecode.swift; path = SonyCamera.swift; sourceTree = "<group>"; };
		B1FB48722092743100C33C86 /* Aperture.swift */ = {isa = PBXFileReference; lastKnownFileType = sourcecode.swift; path = Aperture.swift; sourceTree = "<group>"; };
/* End PBXFileReference section */

/* Begin PBXFrameworksBuildPhase section */
		B1316A492089C08F006BD136 /* Frameworks */ = {
			isa = PBXFrameworksBuildPhase;
			buildActionMask = 2147483647;
			files = (
				B1AF504B208D345A0029336B /* ThunderRequest.framework in Frameworks */,
			);
			runOnlyForDeploymentPostprocessing = 0;
		};
		B1316A532089C08F006BD136 /* Frameworks */ = {
			isa = PBXFrameworksBuildPhase;
			buildActionMask = 2147483647;
			files = (
				B1316A572089C08F006BD136 /* Rocc.framework in Frameworks */,
			);
			runOnlyForDeploymentPostprocessing = 0;
		};
		B1AF5084208DC3A80029336B /* Frameworks */ = {
			isa = PBXFrameworksBuildPhase;
			buildActionMask = 2147483647;
			files = (
				B1CDCB8F2223524100DD0F0E /* ThunderRequestMac.framework in Frameworks */,
			);
			runOnlyForDeploymentPostprocessing = 0;
		};
		B1AF508D208DC3A80029336B /* Frameworks */ = {
			isa = PBXFrameworksBuildPhase;
			buildActionMask = 2147483647;
			files = (
				B1AF5091208DC3A80029336B /* RoccMac.framework in Frameworks */,
			);
			runOnlyForDeploymentPostprocessing = 0;
		};
/* End PBXFrameworksBuildPhase section */

/* Begin PBXGroup section */
		B1316A432089C08E006BD136 = {
			isa = PBXGroup;
			children = (
				B1AF5038208D34510029336B /* ThunderRequest.xcodeproj */,
				B1316A4F2089C08F006BD136 /* Rocc */,
				B1316A5A2089C08F006BD136 /* RoccTests */,
				B1AF5089208DC3A80029336B /* RoccMac */,
				B1AF5094208DC3A80029336B /* RoccMacTests */,
				B1316A4E2089C08F006BD136 /* Products */,
				B1AF504A208D345A0029336B /* Frameworks */,
			);
			sourceTree = "<group>";
		};
		B1316A4E2089C08F006BD136 /* Products */ = {
			isa = PBXGroup;
			children = (
				B1316A4D2089C08F006BD136 /* Rocc.framework */,
				B1316A562089C08F006BD136 /* RoccTests.xctest */,
				B1AF5088208DC3A80029336B /* RoccMac.framework */,
				B1AF5090208DC3A80029336B /* RoccMacTests.xctest */,
			);
			name = Products;
			sourceTree = "<group>";
		};
		B1316A4F2089C08F006BD136 /* Rocc */ = {
			isa = PBXGroup;
			children = (
				B1FB48712092742400C33C86 /* Camera Functions */,
				B1FB486B2092579E00C33C86 /* Camera.swift */,
				B163AEBE20A8D6050061D1C4 /* CameraEventNotifier.swift */,
				B1990A7F20C3FA1D0090A2F6 /* DeviceConnectivityNotifier.swift */,
				B1D358F820AA34CF0069C698 /* LiveViewStreaming.swift */,
				B1D6065221812231001719EC /* Device Discovery */,
				B1B43458209746E900A81B9D /* Helpers */,
				B1B43457209746DA00A81B9D /* Manufacturer Implementations */,
				B1316A502089C08F006BD136 /* Rocc.h */,
				B1316A512089C08F006BD136 /* Info.plist */,
			);
			path = Rocc;
			sourceTree = "<group>";
		};
		B1316A5A2089C08F006BD136 /* RoccTests */ = {
			isa = PBXGroup;
			children = (
				B115EFC321ECFB4700667FB7 /* CdsDesc.xml */,
				B115EFC421ECFB4700667FB7 /* CmsDesc.xml */,
				B1316A5B2089C08F006BD136 /* RoccTests.swift */,
				B1A25F2821ADEAAC00D9EE81 /* ShutterSpeedFormatterTests.swift */,
				B115EFD221ECFB6B00667FB7 /* ParserTests.swift */,
				B1316A5D2089C08F006BD136 /* Info.plist */,
				B154535D21EFE3D100C59096 /* ChildRangeTests.swift */,
			);
			path = RoccTests;
			sourceTree = "<group>";
		};
		B1316A702089C0AF006BD136 /* Device Discovery */ = {
			isa = PBXGroup;
			children = (
				B164F02521811BD400590A05 /* SonyCameraDiscoverer.swift */,
				B115EF2E21E9FC3900667FB7 /* SonyXMLParsers.swift */,
			);
			path = "Device Discovery";
			sourceTree = "<group>";
		};
		B16BFD0821F5F0BB00AF3F24 /* SimplePing */ = {
			isa = PBXGroup;
			children = (
				B16BFD1521F5F0F100AF3F24 /* Pinger.swift */,
				B16BFD1021F5F0E600AF3F24 /* SimplePing.h */,
				B16BFD0F21F5F0E600AF3F24 /* SimplePing.m */,
			);
			path = SimplePing;
			sourceTree = "<group>";
		};
		B1AF5039208D34510029336B /* Products */ = {
			isa = PBXGroup;
			children = (
				B1AF5041208D34510029336B /* ThunderRequest.framework */,
				B1AF5043208D34510029336B /* ThunderRequestTests.xctest */,
				B1AF5045208D34510029336B /* ThunderRequestMac.framework */,
				B1AF5047208D34510029336B /* ThunderRequestMacTests.xctest */,
				B1AF5049208D34510029336B /* ThunderRequestTV.framework */,
				B115EFC021ECF88200667FB7 /* ThunderRequestWatch.framework */,
			);
			name = Products;
			sourceTree = "<group>";
		};
		B1AF504A208D345A0029336B /* Frameworks */ = {
			isa = PBXGroup;
			children = (
			);
			name = Frameworks;
			sourceTree = "<group>";
		};
		B1AF5089208DC3A80029336B /* RoccMac */ = {
			isa = PBXGroup;
			children = (
				B1AF508A208DC3A80029336B /* RoccMac.h */,
				B1AF508B208DC3A80029336B /* Info.plist */,
			);
			path = RoccMac;
			sourceTree = "<group>";
		};
		B1AF5094208DC3A80029336B /* RoccMacTests */ = {
			isa = PBXGroup;
			children = (
				B1AF5095208DC3A80029336B /* RoccMacTests.swift */,
				B1AF5097208DC3A80029336B /* Info.plist */,
			);
			path = RoccMacTests;
			sourceTree = "<group>";
		};
		B1B43457209746DA00A81B9D /* Manufacturer Implementations */ = {
			isa = PBXGroup;
			children = (
				B1FB48652092574D00C33C86 /* Sony */,
			);
			path = "Manufacturer Implementations";
			sourceTree = "<group>";
		};
		B1B43458209746E900A81B9D /* Helpers */ = {
			isa = PBXGroup;
			children = (
				B1CDCB8C2223513700DD0F0E /* Logging */,
				B1CDCB8D2223514F00DD0F0E /* Networking */,
				B1CDCB8E2223518700DD0F0E /* Strings */,
				B11D8E6D21B9300F00719019 /* SimulatedCamera.swift */,
				B1FB4810209096FB00C33C86 /* Result.swift */,
				B1D3591020AADC810069C698 /* Data+Conversion.swift */,
				B1A25F3121AE950E00D9EE81 /* Errors.swift */,
				B154535421EFDC1700C59096 /* Countable.swift */,
			);
			path = Helpers;
			sourceTree = "<group>";
		};
		B1CDCB8A2223511E00DD0F0E /* Camera */ = {
			isa = PBXGroup;
			children = (
				B115EF3621E9FDA100667FB7 /* SonyDeviceInfo.swift */,
				B1FB486E2092585400C33C86 /* SonyCamera.swift */,
				B1178700218775980006B72E /* FunctionNames.swift */,
				B11786F82187753F0006B72E /* SonyCamera+Model.swift */,
			);
			path = Camera;
			sourceTree = "<group>";
		};
		B1CDCB8B2223512600DD0F0E /* Transfer Device */ = {
			isa = PBXGroup;
			children = (
				B16064A221E3A00900AE3483 /* SonyTransferDevice.swift */,
			);
			path = "Transfer Device";
			sourceTree = "<group>";
		};
		B1CDCB8C2223513700DD0F0E /* Logging */ = {
			isa = PBXGroup;
			children = (
				B1A1B67E21F8BC78008B5181 /* Logger.swift */,
			);
			path = Logging;
			sourceTree = "<group>";
		};
		B1CDCB8D2223514F00DD0F0E /* Networking */ = {
			isa = PBXGroup;
			children = (
				B16BFD0821F5F0BB00AF3F24 /* SimplePing */,
				B1316A732089C1D6006BD136 /* UDPClient.swift */,
				B1AF5029208A51D00029336B /* NetworkInterface.swift */,
				B1990A8220C3FDAA0090A2F6 /* Reachability.swift */,
				B154525B21EE61B800C59096 /* SOAPRequestBody.swift */,
			);
			path = Networking;
			sourceTree = "<group>";
		};
		B1CDCB8E2223518700DD0F0E /* Strings */ = {
			isa = PBXGroup;
			children = (
				B164F02821811C1200590A05 /* String+Regex.swift */,
				B1A25F2021ADE6CE00D9EE81 /* ShutterSpeedFormatter.swift */,
			);
			path = Strings;
			sourceTree = "<group>";
		};
		B1D6065221812231001719EC /* Device Discovery */ = {
			isa = PBXGroup;
			children = (
				B1316A712089C0F6006BD136 /* DeviceDiscovery.swift */,
				B1D606532181225E001719EC /* UDPDeviceDiscoverer.swift */,
				B115EFB621ECF88100667FB7 /* UPnPParsers.swift */,
				B1CDCB8222234CAA00DD0F0E /* UPnPService.swift */,
			);
			path = "Device Discovery";
			sourceTree = "<group>";
		};
		B1FB47E720906CDB00C33C86 /* API */ = {
			isa = PBXGroup;
			children = (
				B1316A7A2089C426006BD136 /* SonyConstants.swift */,
				B1FB47FB209088FD00C33C86 /* SonyCameraAPIClient.swift */,
				B1FB48082090964100C33C86 /* BaseServiceClient.swift */,
				B1FB47FE209089CA00C33C86 /* CameraClient.swift */,
				B1FB4801209089D800C33C86 /* AVContentClient.swift */,
				B1751E7320A316C2001D05F1 /* SystemClient.swift */,
			);
			path = API;
			sourceTree = "<group>";
		};
		B1FB48652092574D00C33C86 /* Sony */ = {
			isa = PBXGroup;
			children = (
				B1CDCB8A2223511E00DD0F0E /* Camera */,
				B1CDCB8B2223512600DD0F0E /* Transfer Device */,
				B1FB47E720906CDB00C33C86 /* API */,
				B1316A702089C0AF006BD136 /* Device Discovery */,
			);
			path = Sony;
			sourceTree = "<group>";
		};
		B1FB48712092742400C33C86 /* Camera Functions */ = {
			isa = PBXGroup;
			children = (
				B1FB48722092743100C33C86 /* Aperture.swift */,
				B1EF4C8A20A24DA100EEDE3E /* AutoPowerOff.swift */,
				B1EF4CAC20A3140A00EEDE3E /* BeepMode.swift */,
				B10B38EF21E0F6C300FED24F /* Function.swift */,
				B1561ED320976F7A0013D122 /* Capture.swift */,
				B100E1B920A0DA92004F7AB8 /* ColorSetting.swift */,
				B1EF4CAF20A3161700EEDE3E /* CurrentTime.swift */,
				B1A1AA1420A4E01D00FD0A4A /* Event.swift */,
				B100E19E20A04CEF004F7AB8 /* Exposure.swift */,
				B1B4342920939EF500A81B9D /* FileSystem.swift */,
				B100E1C220A0F90A004F7AB8 /* FlipSetting.swift */,
				B100E1A120A04EE0004F7AB8 /* Focus.swift */,
				B1EF4C8220A24B6300EEDE3E /* InfraredRemoteControl.swift */,
				B100E1BC20A0DE7D004F7AB8 /* IntervalTime.swift */,
				B1B43459209747C200A81B9D /* ISO.swift */,
				B1CE24A72098FD1E0049EC87 /* LiveView.swift */,
				B1990A8520C408C20090A2F6 /* Ping.swift */,
				B100E1AA20A0A42D004F7AB8 /* PostViewImage.swift */,
				B100E1A420A09986004F7AB8 /* ProgramShift.swift */,
				B1B4344F209746B000A81B9D /* CameraFunctions.swift */,
				B100E1D820A1A60A004F7AB8 /* RemotePlayback.swift */,
				B100E1B620A0D7C7004F7AB8 /* Scene.swift */,
				B1561ECB20976B850013D122 /* ShootMode.swift */,
				B1CE24B32099AA7D0049EC87 /* Shutter.swift */,
				B100E1B020A0D282004F7AB8 /* SteadyMode.swift */,
				B16BFBC220A49F91006BD081 /* Storage.swift */,
				B1CE444F2099B492001DB2B6 /* TouchAF.swift */,
				B100E196209E47F8004F7AB8 /* TrackingFocus.swift */,
				B100E1C520A105D9004F7AB8 /* TVColorSystem.swift */,
				B100E1B320A0D59E004F7AB8 /* ViewAngle.swift */,
				B1B4345C2097483300A81B9D /* WhiteBalance.swift */,
				B100E1BF20A0E8F1004F7AB8 /* WindNoiseReduction.swift */,
				B1CE24B12099184B0049EC87 /* Zoom.swift */,
			);
			path = "Camera Functions";
			sourceTree = "<group>";
		};
/* End PBXGroup section */

/* Begin PBXHeadersBuildPhase section */
		B1316A4A2089C08F006BD136 /* Headers */ = {
			isa = PBXHeadersBuildPhase;
			buildActionMask = 2147483647;
			files = (
				B16BFD1321F5F0E600AF3F24 /* SimplePing.h in Headers */,
				B1316A5E2089C08F006BD136 /* Rocc.h in Headers */,
			);
			runOnlyForDeploymentPostprocessing = 0;
		};
		B1AF5085208DC3A80029336B /* Headers */ = {
			isa = PBXHeadersBuildPhase;
			buildActionMask = 2147483647;
			files = (
				B16BFD1421F5F0E600AF3F24 /* SimplePing.h in Headers */,
				B1AF5098208DC3A80029336B /* RoccMac.h in Headers */,
			);
			runOnlyForDeploymentPostprocessing = 0;
		};
/* End PBXHeadersBuildPhase section */

/* Begin PBXNativeTarget section */
		B1316A4C2089C08F006BD136 /* Rocc */ = {
			isa = PBXNativeTarget;
			buildConfigurationList = B1316A612089C08F006BD136 /* Build configuration list for PBXNativeTarget "Rocc" */;
			buildPhases = (
				B1316A482089C08F006BD136 /* Sources */,
				B1316A492089C08F006BD136 /* Frameworks */,
				B1316A4A2089C08F006BD136 /* Headers */,
				B1316A4B2089C08F006BD136 /* Resources */,
			);
			buildRules = (
			);
			dependencies = (
			);
			name = Rocc;
			productName = CCKit;
			productReference = B1316A4D2089C08F006BD136 /* Rocc.framework */;
			productType = "com.apple.product-type.framework";
		};
		B1316A552089C08F006BD136 /* RoccTests */ = {
			isa = PBXNativeTarget;
			buildConfigurationList = B1316A642089C08F006BD136 /* Build configuration list for PBXNativeTarget "RoccTests" */;
			buildPhases = (
				B1316A522089C08F006BD136 /* Sources */,
				B1316A532089C08F006BD136 /* Frameworks */,
				B1316A542089C08F006BD136 /* Resources */,
			);
			buildRules = (
			);
			dependencies = (
				B1316A592089C08F006BD136 /* PBXTargetDependency */,
			);
			name = RoccTests;
			productName = CCKitTests;
			productReference = B1316A562089C08F006BD136 /* RoccTests.xctest */;
			productType = "com.apple.product-type.bundle.unit-test";
		};
		B1AF5087208DC3A80029336B /* RoccMac */ = {
			isa = PBXNativeTarget;
			buildConfigurationList = B1AF5099208DC3A80029336B /* Build configuration list for PBXNativeTarget "RoccMac" */;
			buildPhases = (
				B1AF5083208DC3A80029336B /* Sources */,
				B1AF5084208DC3A80029336B /* Frameworks */,
				B1AF5085208DC3A80029336B /* Headers */,
				B1AF5086208DC3A80029336B /* Resources */,
			);
			buildRules = (
			);
			dependencies = (
			);
			name = RoccMac;
			productName = CCKitMac;
			productReference = B1AF5088208DC3A80029336B /* RoccMac.framework */;
			productType = "com.apple.product-type.framework";
		};
		B1AF508F208DC3A80029336B /* RoccMacTests */ = {
			isa = PBXNativeTarget;
			buildConfigurationList = B1AF509C208DC3A80029336B /* Build configuration list for PBXNativeTarget "RoccMacTests" */;
			buildPhases = (
				B1AF508C208DC3A80029336B /* Sources */,
				B1AF508D208DC3A80029336B /* Frameworks */,
				B1AF508E208DC3A80029336B /* Resources */,
			);
			buildRules = (
			);
			dependencies = (
				B1AF5093208DC3A80029336B /* PBXTargetDependency */,
			);
			name = RoccMacTests;
			productName = CCKitMacTests;
			productReference = B1AF5090208DC3A80029336B /* RoccMacTests.xctest */;
			productType = "com.apple.product-type.bundle.unit-test";
		};
/* End PBXNativeTarget section */

/* Begin PBXProject section */
		B1316A442089C08E006BD136 /* Project object */ = {
			isa = PBXProject;
			attributes = {
				LastSwiftUpdateCheck = 0930;
				LastUpgradeCheck = 0930;
				ORGANIZATIONNAME = "Simon Mitchell";
				TargetAttributes = {
					B1316A4C2089C08F006BD136 = {
						CreatedOnToolsVersion = 9.3;
						LastSwiftMigration = 1020;
					};
					B1316A552089C08F006BD136 = {
						CreatedOnToolsVersion = 9.3;
					};
					B1AF5087208DC3A80029336B = {
						CreatedOnToolsVersion = 9.3;
						LastSwiftMigration = 1010;
					};
					B1AF508F208DC3A80029336B = {
						CreatedOnToolsVersion = 9.3;
					};
				};
			};
			buildConfigurationList = B1316A472089C08E006BD136 /* Build configuration list for PBXProject "Rocc" */;
			compatibilityVersion = "Xcode 9.3";
			developmentRegion = en;
			hasScannedForEncodings = 0;
			knownRegions = (
				en,
			);
			mainGroup = B1316A432089C08E006BD136;
			productRefGroup = B1316A4E2089C08F006BD136 /* Products */;
			projectDirPath = "";
			projectReferences = (
				{
					ProductGroup = B1AF5039208D34510029336B /* Products */;
					ProjectRef = B1AF5038208D34510029336B /* ThunderRequest.xcodeproj */;
				},
			);
			projectRoot = "";
			targets = (
				B1316A4C2089C08F006BD136 /* Rocc */,
				B1316A552089C08F006BD136 /* RoccTests */,
				B1AF5087208DC3A80029336B /* RoccMac */,
				B1AF508F208DC3A80029336B /* RoccMacTests */,
			);
		};
/* End PBXProject section */

/* Begin PBXReferenceProxy section */
		B115EFC021ECF88200667FB7 /* ThunderRequestWatch.framework */ = {
			isa = PBXReferenceProxy;
			fileType = wrapper.framework;
			path = ThunderRequestWatch.framework;
			remoteRef = B115EFBF21ECF88200667FB7 /* PBXContainerItemProxy */;
			sourceTree = BUILT_PRODUCTS_DIR;
		};
		B1AF5041208D34510029336B /* ThunderRequest.framework */ = {
			isa = PBXReferenceProxy;
			fileType = wrapper.framework;
			path = ThunderRequest.framework;
			remoteRef = B1AF5040208D34510029336B /* PBXContainerItemProxy */;
			sourceTree = BUILT_PRODUCTS_DIR;
		};
		B1AF5043208D34510029336B /* ThunderRequestTests.xctest */ = {
			isa = PBXReferenceProxy;
			fileType = wrapper.cfbundle;
			path = ThunderRequestTests.xctest;
			remoteRef = B1AF5042208D34510029336B /* PBXContainerItemProxy */;
			sourceTree = BUILT_PRODUCTS_DIR;
		};
		B1AF5045208D34510029336B /* ThunderRequestMac.framework */ = {
			isa = PBXReferenceProxy;
			fileType = wrapper.framework;
			path = ThunderRequestMac.framework;
			remoteRef = B1AF5044208D34510029336B /* PBXContainerItemProxy */;
			sourceTree = BUILT_PRODUCTS_DIR;
		};
		B1AF5047208D34510029336B /* ThunderRequestMacTests.xctest */ = {
			isa = PBXReferenceProxy;
			fileType = wrapper.cfbundle;
			path = ThunderRequestMacTests.xctest;
			remoteRef = B1AF5046208D34510029336B /* PBXContainerItemProxy */;
			sourceTree = BUILT_PRODUCTS_DIR;
		};
		B1AF5049208D34510029336B /* ThunderRequestTV.framework */ = {
			isa = PBXReferenceProxy;
			fileType = wrapper.framework;
			path = ThunderRequestTV.framework;
			remoteRef = B1AF5048208D34510029336B /* PBXContainerItemProxy */;
			sourceTree = BUILT_PRODUCTS_DIR;
		};
/* End PBXReferenceProxy section */

/* Begin PBXResourcesBuildPhase section */
		B1316A4B2089C08F006BD136 /* Resources */ = {
			isa = PBXResourcesBuildPhase;
			buildActionMask = 2147483647;
			files = (
			);
			runOnlyForDeploymentPostprocessing = 0;
		};
		B1316A542089C08F006BD136 /* Resources */ = {
			isa = PBXResourcesBuildPhase;
			buildActionMask = 2147483647;
			files = (
				B115EFC621ECFB4700667FB7 /* CmsDesc.xml in Resources */,
				B115EFC521ECFB4700667FB7 /* CdsDesc.xml in Resources */,
			);
			runOnlyForDeploymentPostprocessing = 0;
		};
		B1AF5086208DC3A80029336B /* Resources */ = {
			isa = PBXResourcesBuildPhase;
			buildActionMask = 2147483647;
			files = (
			);
			runOnlyForDeploymentPostprocessing = 0;
		};
		B1AF508E208DC3A80029336B /* Resources */ = {
			isa = PBXResourcesBuildPhase;
			buildActionMask = 2147483647;
			files = (
			);
			runOnlyForDeploymentPostprocessing = 0;
		};
/* End PBXResourcesBuildPhase section */

/* Begin PBXSourcesBuildPhase section */
		B1316A482089C08F006BD136 /* Sources */ = {
			isa = PBXSourcesBuildPhase;
			buildActionMask = 2147483647;
			files = (
				B11D8E7321B9300F00719019 /* SimulatedCamera.swift in Sources */,
				B1EF4CAD20A3140A00EEDE3E /* BeepMode.swift in Sources */,
				B100E1C020A0E8F1004F7AB8 /* WindNoiseReduction.swift in Sources */,
				B1561ED120976B850013D122 /* ShootMode.swift in Sources */,
				B100E1C320A0F90A004F7AB8 /* FlipSetting.swift in Sources */,
				B1FB4811209096FB00C33C86 /* Result.swift in Sources */,
				B1AF502A208A51D00029336B /* NetworkInterface.swift in Sources */,
				B1B4342A20939EF500A81B9D /* FileSystem.swift in Sources */,
				B1CDCB8322234CAA00DD0F0E /* UPnPService.swift in Sources */,
				B1FB47FF209089CA00C33C86 /* CameraClient.swift in Sources */,
				B1A1AA1A20A4E01D00FD0A4A /* Event.swift in Sources */,
				B164F02921811C1200590A05 /* String+Regex.swift in Sources */,
				B1CE24B22099184B0049EC87 /* Zoom.swift in Sources */,
				B100E1AB20A0A42D004F7AB8 /* PostViewImage.swift in Sources */,
				B1B4345D2097483300A81B9D /* WhiteBalance.swift in Sources */,
				B154535521EFDC1700C59096 /* Countable.swift in Sources */,
				B1FB47FC209088FD00C33C86 /* SonyCameraAPIClient.swift in Sources */,
				B1FB4802209089D800C33C86 /* AVContentClient.swift in Sources */,
				B16BFBC820A49F92006BD081 /* Storage.swift in Sources */,
				B100E19C209E47F8004F7AB8 /* TrackingFocus.swift in Sources */,
				B1EF4C8820A24B6300EEDE3E /* InfraredRemoteControl.swift in Sources */,
				B100E1B420A0D59E004F7AB8 /* ViewAngle.swift in Sources */,
				B1561ED420976F7B0013D122 /* Capture.swift in Sources */,
				B1316A742089C1D6006BD136 /* UDPClient.swift in Sources */,
				B100E1BD20A0DE7D004F7AB8 /* IntervalTime.swift in Sources */,
				B100E1DE20A1A60A004F7AB8 /* RemotePlayback.swift in Sources */,
				B1D606542181225E001719EC /* UDPDeviceDiscoverer.swift in Sources */,
				B16064A821E3A00A00AE3483 /* SonyTransferDevice.swift in Sources */,
				B115EF3721E9FDA100667FB7 /* SonyDeviceInfo.swift in Sources */,
				B100E1B120A0D282004F7AB8 /* SteadyMode.swift in Sources */,
				B11786F92187753F0006B72E /* SonyCamera+Model.swift in Sources */,
				B1FB48732092743100C33C86 /* Aperture.swift in Sources */,
				B1FB486C2092579E00C33C86 /* Camera.swift in Sources */,
				B1D358F920AA34CF0069C698 /* LiveViewStreaming.swift in Sources */,
				B164F02621811BD400590A05 /* SonyCameraDiscoverer.swift in Sources */,
				B16BFD1121F5F0E600AF3F24 /* SimplePing.m in Sources */,
				B1A25F3221AE950E00D9EE81 /* Errors.swift in Sources */,
				B163AEBF20A8D6050061D1C4 /* CameraEventNotifier.swift in Sources */,
				B1751E7920A316C2001D05F1 /* SystemClient.swift in Sources */,
				B100E1C620A105D9004F7AB8 /* TVColorSystem.swift in Sources */,
				B100E19F20A04CEF004F7AB8 /* Exposure.swift in Sources */,
				B1FB486F2092585400C33C86 /* SonyCamera.swift in Sources */,
				B1FB48092090964100C33C86 /* BaseServiceClient.swift in Sources */,
				B1A25F2121ADE6CE00D9EE81 /* ShutterSpeedFormatter.swift in Sources */,
				B1316A722089C0F6006BD136 /* DeviceDiscovery.swift in Sources */,
				B1B43450209746B000A81B9D /* CameraFunctions.swift in Sources */,
				B1EF4CB020A3161700EEDE3E /* CurrentTime.swift in Sources */,
				B115EF2F21E9FC3A00667FB7 /* SonyXMLParsers.swift in Sources */,
				B154525C21EE61B800C59096 /* SOAPRequestBody.swift in Sources */,
				B1CE24AD2098FD1E0049EC87 /* LiveView.swift in Sources */,
				B16BFD1621F5F0F100AF3F24 /* Pinger.swift in Sources */,
				B100E1A220A04EE0004F7AB8 /* Focus.swift in Sources */,
				B1CE24B42099AA7D0049EC87 /* Shutter.swift in Sources */,
				B100E1BA20A0DA92004F7AB8 /* ColorSetting.swift in Sources */,
				B1A1B67F21F8BC78008B5181 /* Logger.swift in Sources */,
				B115EFB721ECF88100667FB7 /* UPnPParsers.swift in Sources */,
				B1178701218775980006B72E /* FunctionNames.swift in Sources */,
				B1EF4C8B20A24DA100EEDE3E /* AutoPowerOff.swift in Sources */,
				B1B4345A209747C200A81B9D /* ISO.swift in Sources */,
				B1D3591120AADC810069C698 /* Data+Conversion.swift in Sources */,
				B100E1A520A09986004F7AB8 /* ProgramShift.swift in Sources */,
				B1990A8620C408C20090A2F6 /* Ping.swift in Sources */,
				B1990A8020C3FA1D0090A2F6 /* DeviceConnectivityNotifier.swift in Sources */,
				B1CE44552099B492001DB2B6 /* TouchAF.swift in Sources */,
				B10B38F021E0F6C300FED24F /* Function.swift in Sources */,
				B1316A7B2089C426006BD136 /* SonyConstants.swift in Sources */,
				B1990A8320C3FDAA0090A2F6 /* Reachability.swift in Sources */,
				B100E1B720A0D7C7004F7AB8 /* Scene.swift in Sources */,
			);
			runOnlyForDeploymentPostprocessing = 0;
		};
		B1316A522089C08F006BD136 /* Sources */ = {
			isa = PBXSourcesBuildPhase;
			buildActionMask = 2147483647;
			files = (
				B1A3EC2521F11AB700670712 /* CameraFunctions.swift in Sources */,
				B1BAAC96222583B9007F0F61 /* Logger.swift in Sources */,
				B115EFD321ECFB6B00667FB7 /* ParserTests.swift in Sources */,
				B1A3EC1E21F11AA500670712 /* FileSystem.swift in Sources */,
				B1A25F2221ADE6CE00D9EE81 /* ShutterSpeedFormatter.swift in Sources */,
				B1A25F2921ADEAAC00D9EE81 /* ShutterSpeedFormatterTests.swift in Sources */,
				B115EFD421ECFBC300667FB7 /* UPnPParsers.swift in Sources */,
				B154526421EE63DB00C59096 /* SOAPRequestBody.swift in Sources */,
				B154535E21EFE3D100C59096 /* ChildRangeTests.swift in Sources */,
				B1316A5C2089C08F006BD136 /* RoccTests.swift in Sources */,
				B154535F21EFE3DC00C59096 /* Countable.swift in Sources */,
			);
			runOnlyForDeploymentPostprocessing = 0;
		};
		B1AF5083208DC3A80029336B /* Sources */ = {
			isa = PBXSourcesBuildPhase;
			buildActionMask = 2147483647;
			files = (
				B1A1AA3E20A4E02200FD0A4A /* Zoom.swift in Sources */,
				B1FB4812209096FB00C33C86 /* Result.swift in Sources */,
				B115EF2A21E9F27900667FB7 /* ShutterSpeedFormatter.swift in Sources */,
				B1A1AA3B20A4E02200FD0A4A /* ViewAngle.swift in Sources */,
				B1AF50A2208DC3B80029336B /* NetworkInterface.swift in Sources */,
				B1A1AA3020A4E02200FD0A4A /* RemotePlayback.swift in Sources */,
				B1A1AA3620A4E02200FD0A4A /* Storage.swift in Sources */,
				B1FB4800209089CA00C33C86 /* CameraClient.swift in Sources */,
				B1A1AA2A20A4E02200FD0A4A /* IntervalTime.swift in Sources */,
				B16064A921E3A00A00AE3483 /* SonyTransferDevice.swift in Sources */,
				B1A1AA2C20A4E02200FD0A4A /* LiveView.swift in Sources */,
				B164F02A21811C1200590A05 /* String+Regex.swift in Sources */,
				B1A1AA3520A4E02200FD0A4A /* SteadyMode.swift in Sources */,
				B1A1AA3220A4E02200FD0A4A /* ShootMode.swift in Sources */,
				B154535621EFDC1700C59096 /* Countable.swift in Sources */,
				B1A1AA3920A4E02200FD0A4A /* TrackingFocus.swift in Sources */,
				B1A1AA2B20A4E02200FD0A4A /* ISO.swift in Sources */,
				B1A1AA2520A4E02200FD0A4A /* Exposure.swift in Sources */,
				B1A1AA1E20A4E02200FD0A4A /* Aperture.swift in Sources */,
				B1A1AA2420A4E02200FD0A4A /* Event.swift in Sources */,
				B1A1AA2820A4E02200FD0A4A /* Focus.swift in Sources */,
				B1A1AA2E20A4E02200FD0A4A /* PostViewImage.swift in Sources */,
				B1FB47FD209088FD00C33C86 /* SonyCameraAPIClient.swift in Sources */,
				B1FB4803209089D800C33C86 /* AVContentClient.swift in Sources */,
				B1A1AA3420A4E02200FD0A4A /* Shutter.swift in Sources */,
				B115EF2421E9F26600667FB7 /* Errors.swift in Sources */,
				B1A1AA2920A4E02200FD0A4A /* InfraredRemoteControl.swift in Sources */,
				B1A1AA2720A4E02200FD0A4A /* FlipSetting.swift in Sources */,
				B115EF3821E9FDA100667FB7 /* SonyDeviceInfo.swift in Sources */,
				B1D606552181225E001719EC /* UDPDeviceDiscoverer.swift in Sources */,
				B1AF50A1208DC3B50029336B /* UDPClient.swift in Sources */,
				B11786FA2187753F0006B72E /* SonyCamera+Model.swift in Sources */,
				B1FB486D2092579E00C33C86 /* Camera.swift in Sources */,
				B1A1AA3A20A4E02200FD0A4A /* TVColorSystem.swift in Sources */,
				B1D358FA20AA34CF0069C698 /* LiveViewStreaming.swift in Sources */,
				B16BFD1221F5F0E600AF3F24 /* SimplePing.m in Sources */,
				B11D8E7421B9300F00719019 /* SimulatedCamera.swift in Sources */,
				B164F02721811BD400590A05 /* SonyCameraDiscoverer.swift in Sources */,
				B163AEC020A8D6050061D1C4 /* CameraEventNotifier.swift in Sources */,
				B1A1AA3D20A4E02200FD0A4A /* WindNoiseReduction.swift in Sources */,
				B1FB48702092585400C33C86 /* SonyCamera.swift in Sources */,
				B1A1AA3C20A4E02200FD0A4A /* WhiteBalance.swift in Sources */,
				B1FB480A2090964100C33C86 /* BaseServiceClient.swift in Sources */,
				B1A1AA2020A4E02200FD0A4A /* BeepMode.swift in Sources */,
				B1A1AA1F20A4E02200FD0A4A /* AutoPowerOff.swift in Sources */,
				B1A1AA2320A4E02200FD0A4A /* CurrentTime.swift in Sources */,
				B1A1AA2220A4E02200FD0A4A /* ColorSetting.swift in Sources */,
				B115EF3021E9FC3A00667FB7 /* SonyXMLParsers.swift in Sources */,
				B1CDCB90222352BB00DD0F0E /* UPnPService.swift in Sources */,
				B154525D21EE61B800C59096 /* SOAPRequestBody.swift in Sources */,
				B1A1AA2F20A4E02200FD0A4A /* ProgramShift.swift in Sources */,
				B16BFD1721F5F0F100AF3F24 /* Pinger.swift in Sources */,
				B1AF50A0208DC3B20029336B /* DeviceDiscovery.swift in Sources */,
				B1A1AA2120A4E02200FD0A4A /* Capture.swift in Sources */,
				B1A1B68021F8BC78008B5181 /* Logger.swift in Sources */,
				B115EFB821ECF88100667FB7 /* UPnPParsers.swift in Sources */,
				B1178702218775980006B72E /* FunctionNames.swift in Sources */,
				B1A1AA3820A4E02200FD0A4A /* TouchAF.swift in Sources */,
				B1A1AA2620A4E02200FD0A4A /* FileSystem.swift in Sources */,
				B1D3591220AADC810069C698 /* Data+Conversion.swift in Sources */,
				B10B38F121E0F6C300FED24F /* Function.swift in Sources */,
				B1B43451209746B000A81B9D /* CameraFunctions.swift in Sources */,
				B1990A8720C408C20090A2F6 /* Ping.swift in Sources */,
				B1990A8120C3FA1D0090A2F6 /* DeviceConnectivityNotifier.swift in Sources */,
				B1751E7A20A316C2001D05F1 /* SystemClient.swift in Sources */,
				B1AF509F208DC3AF0029336B /* SonyConstants.swift in Sources */,
				B1990A8420C3FDAA0090A2F6 /* Reachability.swift in Sources */,
				B1A1AA3120A4E02200FD0A4A /* Scene.swift in Sources */,
			);
			runOnlyForDeploymentPostprocessing = 0;
		};
		B1AF508C208DC3A80029336B /* Sources */ = {
			isa = PBXSourcesBuildPhase;
			buildActionMask = 2147483647;
			files = (
				B1AF5096208DC3A80029336B /* RoccMacTests.swift in Sources */,
				B1BAAC8F222583B8007F0F61 /* Logger.swift in Sources */,
			);
			runOnlyForDeploymentPostprocessing = 0;
		};
/* End PBXSourcesBuildPhase section */

/* Begin PBXTargetDependency section */
		B1316A592089C08F006BD136 /* PBXTargetDependency */ = {
			isa = PBXTargetDependency;
			target = B1316A4C2089C08F006BD136 /* Rocc */;
			targetProxy = B1316A582089C08F006BD136 /* PBXContainerItemProxy */;
		};
		B1AF5093208DC3A80029336B /* PBXTargetDependency */ = {
			isa = PBXTargetDependency;
			target = B1AF5087208DC3A80029336B /* RoccMac */;
			targetProxy = B1AF5092208DC3A80029336B /* PBXContainerItemProxy */;
		};
/* End PBXTargetDependency section */

/* Begin XCBuildConfiguration section */
		B1316A5F2089C08F006BD136 /* Debug */ = {
			isa = XCBuildConfiguration;
			buildSettings = {
				ALWAYS_SEARCH_USER_PATHS = NO;
				CLANG_ANALYZER_NONNULL = YES;
				CLANG_ANALYZER_NUMBER_OBJECT_CONVERSION = YES_AGGRESSIVE;
				CLANG_CXX_LANGUAGE_STANDARD = "gnu++14";
				CLANG_CXX_LIBRARY = "libc++";
				CLANG_ENABLE_MODULES = YES;
				CLANG_ENABLE_OBJC_ARC = YES;
				CLANG_ENABLE_OBJC_WEAK = YES;
				CLANG_WARN_BLOCK_CAPTURE_AUTORELEASING = YES;
				CLANG_WARN_BOOL_CONVERSION = YES;
				CLANG_WARN_COMMA = YES;
				CLANG_WARN_CONSTANT_CONVERSION = YES;
				CLANG_WARN_DEPRECATED_OBJC_IMPLEMENTATIONS = YES;
				CLANG_WARN_DIRECT_OBJC_ISA_USAGE = YES_ERROR;
				CLANG_WARN_DOCUMENTATION_COMMENTS = YES;
				CLANG_WARN_EMPTY_BODY = YES;
				CLANG_WARN_ENUM_CONVERSION = YES;
				CLANG_WARN_INFINITE_RECURSION = YES;
				CLANG_WARN_INT_CONVERSION = YES;
				CLANG_WARN_NON_LITERAL_NULL_CONVERSION = YES;
				CLANG_WARN_OBJC_IMPLICIT_RETAIN_SELF = YES;
				CLANG_WARN_OBJC_LITERAL_CONVERSION = YES;
				CLANG_WARN_OBJC_ROOT_CLASS = YES_ERROR;
				CLANG_WARN_RANGE_LOOP_ANALYSIS = YES;
				CLANG_WARN_STRICT_PROTOTYPES = YES;
				CLANG_WARN_SUSPICIOUS_MOVE = YES;
				CLANG_WARN_UNGUARDED_AVAILABILITY = YES_AGGRESSIVE;
				CLANG_WARN_UNREACHABLE_CODE = YES;
				CLANG_WARN__DUPLICATE_METHOD_MATCH = YES;
				CODE_SIGN_IDENTITY = "iPhone Developer";
				COPY_PHASE_STRIP = NO;
				CURRENT_PROJECT_VERSION = 1;
				DEBUG_INFORMATION_FORMAT = dwarf;
				ENABLE_STRICT_OBJC_MSGSEND = YES;
				ENABLE_TESTABILITY = YES;
				GCC_C_LANGUAGE_STANDARD = gnu11;
				GCC_DYNAMIC_NO_PIC = NO;
				GCC_NO_COMMON_BLOCKS = YES;
				GCC_OPTIMIZATION_LEVEL = 0;
				GCC_PREPROCESSOR_DEFINITIONS = (
					"DEBUG=1",
					"$(inherited)",
				);
				GCC_WARN_64_TO_32_BIT_CONVERSION = YES;
				GCC_WARN_ABOUT_RETURN_TYPE = YES_ERROR;
				GCC_WARN_UNDECLARED_SELECTOR = YES;
				GCC_WARN_UNINITIALIZED_AUTOS = YES_AGGRESSIVE;
				GCC_WARN_UNUSED_FUNCTION = YES;
				GCC_WARN_UNUSED_VARIABLE = YES;
				IPHONEOS_DEPLOYMENT_TARGET = 11.3;
				MTL_ENABLE_DEBUG_INFO = YES;
				ONLY_ACTIVE_ARCH = YES;
				SDKROOT = iphoneos;
				SWIFT_ACTIVE_COMPILATION_CONDITIONS = DEBUG;
				SWIFT_OPTIMIZATION_LEVEL = "-Onone";
				VERSIONING_SYSTEM = "apple-generic";
				VERSION_INFO_PREFIX = "";
			};
			name = Debug;
		};
		B1316A602089C08F006BD136 /* Release */ = {
			isa = XCBuildConfiguration;
			buildSettings = {
				ALWAYS_SEARCH_USER_PATHS = NO;
				CLANG_ANALYZER_NONNULL = YES;
				CLANG_ANALYZER_NUMBER_OBJECT_CONVERSION = YES_AGGRESSIVE;
				CLANG_CXX_LANGUAGE_STANDARD = "gnu++14";
				CLANG_CXX_LIBRARY = "libc++";
				CLANG_ENABLE_MODULES = YES;
				CLANG_ENABLE_OBJC_ARC = YES;
				CLANG_ENABLE_OBJC_WEAK = YES;
				CLANG_WARN_BLOCK_CAPTURE_AUTORELEASING = YES;
				CLANG_WARN_BOOL_CONVERSION = YES;
				CLANG_WARN_COMMA = YES;
				CLANG_WARN_CONSTANT_CONVERSION = YES;
				CLANG_WARN_DEPRECATED_OBJC_IMPLEMENTATIONS = YES;
				CLANG_WARN_DIRECT_OBJC_ISA_USAGE = YES_ERROR;
				CLANG_WARN_DOCUMENTATION_COMMENTS = YES;
				CLANG_WARN_EMPTY_BODY = YES;
				CLANG_WARN_ENUM_CONVERSION = YES;
				CLANG_WARN_INFINITE_RECURSION = YES;
				CLANG_WARN_INT_CONVERSION = YES;
				CLANG_WARN_NON_LITERAL_NULL_CONVERSION = YES;
				CLANG_WARN_OBJC_IMPLICIT_RETAIN_SELF = YES;
				CLANG_WARN_OBJC_LITERAL_CONVERSION = YES;
				CLANG_WARN_OBJC_ROOT_CLASS = YES_ERROR;
				CLANG_WARN_RANGE_LOOP_ANALYSIS = YES;
				CLANG_WARN_STRICT_PROTOTYPES = YES;
				CLANG_WARN_SUSPICIOUS_MOVE = YES;
				CLANG_WARN_UNGUARDED_AVAILABILITY = YES_AGGRESSIVE;
				CLANG_WARN_UNREACHABLE_CODE = YES;
				CLANG_WARN__DUPLICATE_METHOD_MATCH = YES;
				CODE_SIGN_IDENTITY = "iPhone Developer";
				COPY_PHASE_STRIP = NO;
				CURRENT_PROJECT_VERSION = 1;
				DEBUG_INFORMATION_FORMAT = "dwarf-with-dsym";
				ENABLE_NS_ASSERTIONS = NO;
				ENABLE_STRICT_OBJC_MSGSEND = YES;
				GCC_C_LANGUAGE_STANDARD = gnu11;
				GCC_NO_COMMON_BLOCKS = YES;
				GCC_WARN_64_TO_32_BIT_CONVERSION = YES;
				GCC_WARN_ABOUT_RETURN_TYPE = YES_ERROR;
				GCC_WARN_UNDECLARED_SELECTOR = YES;
				GCC_WARN_UNINITIALIZED_AUTOS = YES_AGGRESSIVE;
				GCC_WARN_UNUSED_FUNCTION = YES;
				GCC_WARN_UNUSED_VARIABLE = YES;
				IPHONEOS_DEPLOYMENT_TARGET = 11.3;
				MTL_ENABLE_DEBUG_INFO = NO;
				SDKROOT = iphoneos;
				SWIFT_COMPILATION_MODE = wholemodule;
				SWIFT_OPTIMIZATION_LEVEL = "-O";
				VALIDATE_PRODUCT = YES;
				VERSIONING_SYSTEM = "apple-generic";
				VERSION_INFO_PREFIX = "";
			};
			name = Release;
		};
		B1316A622089C08F006BD136 /* Debug */ = {
			isa = XCBuildConfiguration;
			buildSettings = {
				CLANG_ENABLE_MODULES = YES;
				CODE_SIGN_IDENTITY = "";
				CODE_SIGN_STYLE = Automatic;
				DEFINES_MODULE = YES;
				DYLIB_COMPATIBILITY_VERSION = 1;
				DYLIB_CURRENT_VERSION = 1;
				DYLIB_INSTALL_NAME_BASE = "@rpath";
				INFOPLIST_FILE = Rocc/Info.plist;
				INSTALL_PATH = "$(LOCAL_LIBRARY_DIR)/Frameworks";
				IPHONEOS_DEPLOYMENT_TARGET = 10.0;
				LD_RUNPATH_SEARCH_PATHS = (
					"$(inherited)",
					"@executable_path/Frameworks",
					"@loader_path/Frameworks",
				);
				PRODUCT_BUNDLE_IDENTIFIER = com.yellowbrickbear.rocc;
				PRODUCT_NAME = "$(TARGET_NAME:c99extidentifier)";
				SKIP_INSTALL = YES;
				SWIFT_OPTIMIZATION_LEVEL = "-Onone";
				SWIFT_VERSION = 5.0;
				TARGETED_DEVICE_FAMILY = "1,2";
			};
			name = Debug;
		};
		B1316A632089C08F006BD136 /* Release */ = {
			isa = XCBuildConfiguration;
			buildSettings = {
				CLANG_ENABLE_MODULES = YES;
				CODE_SIGN_IDENTITY = "";
				CODE_SIGN_STYLE = Automatic;
				DEFINES_MODULE = YES;
				DYLIB_COMPATIBILITY_VERSION = 1;
				DYLIB_CURRENT_VERSION = 1;
				DYLIB_INSTALL_NAME_BASE = "@rpath";
				INFOPLIST_FILE = Rocc/Info.plist;
				INSTALL_PATH = "$(LOCAL_LIBRARY_DIR)/Frameworks";
				IPHONEOS_DEPLOYMENT_TARGET = 10.0;
				LD_RUNPATH_SEARCH_PATHS = (
					"$(inherited)",
					"@executable_path/Frameworks",
					"@loader_path/Frameworks",
				);
				PRODUCT_BUNDLE_IDENTIFIER = com.yellowbrickbear.rocc;
				PRODUCT_NAME = "$(TARGET_NAME:c99extidentifier)";
				SKIP_INSTALL = YES;
				SWIFT_VERSION = 5.0;
				TARGETED_DEVICE_FAMILY = "1,2";
			};
			name = Release;
		};
		B1316A652089C08F006BD136 /* Debug */ = {
			isa = XCBuildConfiguration;
			buildSettings = {
				ALWAYS_EMBED_SWIFT_STANDARD_LIBRARIES = YES;
				CODE_SIGN_STYLE = Automatic;
				INFOPLIST_FILE = RoccTests/Info.plist;
				LD_RUNPATH_SEARCH_PATHS = (
					"$(inherited)",
					"@executable_path/Frameworks",
					"@loader_path/Frameworks",
				);
				PRODUCT_BUNDLE_IDENTIFIER = com.yellowbrickbear.rocctests;
				PRODUCT_NAME = "$(TARGET_NAME)";
				SWIFT_VERSION = 4.0;
				TARGETED_DEVICE_FAMILY = "1,2";
			};
			name = Debug;
		};
		B1316A662089C08F006BD136 /* Release */ = {
			isa = XCBuildConfiguration;
			buildSettings = {
				ALWAYS_EMBED_SWIFT_STANDARD_LIBRARIES = YES;
				CODE_SIGN_STYLE = Automatic;
				INFOPLIST_FILE = RoccTests/Info.plist;
				LD_RUNPATH_SEARCH_PATHS = (
					"$(inherited)",
					"@executable_path/Frameworks",
					"@loader_path/Frameworks",
				);
				PRODUCT_BUNDLE_IDENTIFIER = com.yellowbrickbear.rocctests;
				PRODUCT_NAME = "$(TARGET_NAME)";
				SWIFT_VERSION = 4.0;
				TARGETED_DEVICE_FAMILY = "1,2";
			};
			name = Release;
		};
		B1AF509A208DC3A80029336B /* Debug */ = {
			isa = XCBuildConfiguration;
			buildSettings = {
				CLANG_ENABLE_MODULES = YES;
				CODE_SIGN_IDENTITY = "-";
				CODE_SIGN_STYLE = Automatic;
				COMBINE_HIDPI_IMAGES = YES;
				DEFINES_MODULE = YES;
				DYLIB_COMPATIBILITY_VERSION = 1;
				DYLIB_CURRENT_VERSION = 1;
				DYLIB_INSTALL_NAME_BASE = "@rpath";
				FRAMEWORK_VERSION = A;
				INFOPLIST_FILE = RoccMac/Info.plist;
				INSTALL_PATH = "$(LOCAL_LIBRARY_DIR)/Frameworks";
				LD_RUNPATH_SEARCH_PATHS = (
					"$(inherited)",
					"@executable_path/../Frameworks",
					"@loader_path/Frameworks",
				);
				MACOSX_DEPLOYMENT_TARGET = 10.13;
				PRODUCT_BUNDLE_IDENTIFIER = com.yellowbrickbear.roccmac;
				PRODUCT_NAME = "$(TARGET_NAME:c99extidentifier)";
				SDKROOT = macosx;
				SKIP_INSTALL = YES;
				SWIFT_OPTIMIZATION_LEVEL = "-Onone";
				SWIFT_VERSION = 4.0;
			};
			name = Debug;
		};
		B1AF509B208DC3A80029336B /* Release */ = {
			isa = XCBuildConfiguration;
			buildSettings = {
				CLANG_ENABLE_MODULES = YES;
				CODE_SIGN_IDENTITY = "-";
				CODE_SIGN_STYLE = Automatic;
				COMBINE_HIDPI_IMAGES = YES;
				DEFINES_MODULE = YES;
				DYLIB_COMPATIBILITY_VERSION = 1;
				DYLIB_CURRENT_VERSION = 1;
				DYLIB_INSTALL_NAME_BASE = "@rpath";
				FRAMEWORK_VERSION = A;
				INFOPLIST_FILE = RoccMac/Info.plist;
				INSTALL_PATH = "$(LOCAL_LIBRARY_DIR)/Frameworks";
				LD_RUNPATH_SEARCH_PATHS = (
					"$(inherited)",
					"@executable_path/../Frameworks",
					"@loader_path/Frameworks",
				);
				MACOSX_DEPLOYMENT_TARGET = 10.13;
				PRODUCT_BUNDLE_IDENTIFIER = com.yellowbrickbear.roccmac;
				PRODUCT_NAME = "$(TARGET_NAME:c99extidentifier)";
				SDKROOT = macosx;
				SKIP_INSTALL = YES;
				SWIFT_VERSION = 4.0;
			};
			name = Release;
		};
		B1AF509D208DC3A80029336B /* Debug */ = {
			isa = XCBuildConfiguration;
			buildSettings = {
				ALWAYS_EMBED_SWIFT_STANDARD_LIBRARIES = YES;
				CODE_SIGN_IDENTITY = "-";
				CODE_SIGN_STYLE = Automatic;
				COMBINE_HIDPI_IMAGES = YES;
				INFOPLIST_FILE = RoccMacTests/Info.plist;
				LD_RUNPATH_SEARCH_PATHS = (
					"$(inherited)",
					"@executable_path/../Frameworks",
					"@loader_path/../Frameworks",
				);
				MACOSX_DEPLOYMENT_TARGET = 10.13;
				PRODUCT_BUNDLE_IDENTIFIER = com.yellowbrickbear.RoccMacTests;
				PRODUCT_NAME = "$(TARGET_NAME)";
				SDKROOT = macosx;
				SWIFT_VERSION = 4.0;
			};
			name = Debug;
		};
		B1AF509E208DC3A80029336B /* Release */ = {
			isa = XCBuildConfiguration;
			buildSettings = {
				ALWAYS_EMBED_SWIFT_STANDARD_LIBRARIES = YES;
				CODE_SIGN_IDENTITY = "-";
				CODE_SIGN_STYLE = Automatic;
				COMBINE_HIDPI_IMAGES = YES;
				INFOPLIST_FILE = RoccMacTests/Info.plist;
				LD_RUNPATH_SEARCH_PATHS = (
					"$(inherited)",
					"@executable_path/../Frameworks",
					"@loader_path/../Frameworks",
				);
				MACOSX_DEPLOYMENT_TARGET = 10.13;
				PRODUCT_BUNDLE_IDENTIFIER = com.yellowbrickbear.RoccMacTests;
				PRODUCT_NAME = "$(TARGET_NAME)";
				SDKROOT = macosx;
				SWIFT_VERSION = 4.0;
			};
			name = Release;
		};
/* End XCBuildConfiguration section */

/* Begin XCConfigurationList section */
		B1316A472089C08E006BD136 /* Build configuration list for PBXProject "Rocc" */ = {
			isa = XCConfigurationList;
			buildConfigurations = (
				B1316A5F2089C08F006BD136 /* Debug */,
				B1316A602089C08F006BD136 /* Release */,
			);
			defaultConfigurationIsVisible = 0;
			defaultConfigurationName = Release;
		};
		B1316A612089C08F006BD136 /* Build configuration list for PBXNativeTarget "Rocc" */ = {
			isa = XCConfigurationList;
			buildConfigurations = (
				B1316A622089C08F006BD136 /* Debug */,
				B1316A632089C08F006BD136 /* Release */,
			);
			defaultConfigurationIsVisible = 0;
			defaultConfigurationName = Release;
		};
		B1316A642089C08F006BD136 /* Build configuration list for PBXNativeTarget "RoccTests" */ = {
			isa = XCConfigurationList;
			buildConfigurations = (
				B1316A652089C08F006BD136 /* Debug */,
				B1316A662089C08F006BD136 /* Release */,
			);
			defaultConfigurationIsVisible = 0;
			defaultConfigurationName = Release;
		};
		B1AF5099208DC3A80029336B /* Build configuration list for PBXNativeTarget "RoccMac" */ = {
			isa = XCConfigurationList;
			buildConfigurations = (
				B1AF509A208DC3A80029336B /* Debug */,
				B1AF509B208DC3A80029336B /* Release */,
			);
			defaultConfigurationIsVisible = 0;
			defaultConfigurationName = Release;
		};
		B1AF509C208DC3A80029336B /* Build configuration list for PBXNativeTarget "RoccMacTests" */ = {
			isa = XCConfigurationList;
			buildConfigurations = (
				B1AF509D208DC3A80029336B /* Debug */,
				B1AF509E208DC3A80029336B /* Release */,
			);
			defaultConfigurationIsVisible = 0;
			defaultConfigurationName = Release;
		};
/* End XCConfigurationList section */
	};
	rootObject = B1316A442089C08E006BD136 /* Project object */;
}
